// !$*UTF8*$!
{
	archiveVersion = 1;
	classes = {
	};
	objectVersion = 48;
	objects = {

/* Begin PBXBuildFile section */
		6CE8B60625BC0FFE9142D6E9 /* Pods_OSC_Swift.framework in Frameworks */ = {isa = PBXBuildFile; fileRef = 0A7333335DB515DB0E1E4969 /* Pods_OSC_Swift.framework */; };
		CE48FC9F1FDF580D00366E4F /* NewLoginViewController.swift in Sources */ = {isa = PBXBuildFile; fileRef = CE48FC9E1FDF580D00366E4F /* NewLoginViewController.swift */; };
		CE48FCA11FDF582900366E4F /* FoundPWViewController.swift in Sources */ = {isa = PBXBuildFile; fileRef = CE48FCA01FDF582900366E4F /* FoundPWViewController.swift */; };
		CE48FCA31FDF586B00366E4F /* RegisterInfoViewController.swift in Sources */ = {isa = PBXBuildFile; fileRef = CE48FCA21FDF586B00366E4F /* RegisterInfoViewController.swift */; };
		CE48FCA51FDF588400366E4F /* ResetPWViewController.swift in Sources */ = {isa = PBXBuildFile; fileRef = CE48FCA41FDF588400366E4F /* ResetPWViewController.swift */; };
		CE48FCA71FDF58C100366E4F /* RegisterViewController.swift in Sources */ = {isa = PBXBuildFile; fileRef = CE48FCA61FDF58C100366E4F /* RegisterViewController.swift */; };
		CE48FCAA1FDF69AE00366E4F /* CSDNLogin.storyboard in Resources */ = {isa = PBXBuildFile; fileRef = CE48FCA81FDF69AE00366E4F /* CSDNLogin.storyboard */; };
		CE48FCAB1FDF69AE00366E4F /* NewLogin.storyboard in Resources */ = {isa = PBXBuildFile; fileRef = CE48FCA91FDF69AE00366E4F /* NewLogin.storyboard */; };
		CEFEC64D1FDE41030019DDF2 /* AppDelegate.swift in Sources */ = {isa = PBXBuildFile; fileRef = CEFEC64C1FDE41030019DDF2 /* AppDelegate.swift */; };
		CEFEC6521FDE41030019DDF2 /* Main.storyboard in Resources */ = {isa = PBXBuildFile; fileRef = CEFEC6501FDE41030019DDF2 /* Main.storyboard */; };
		CEFEC6541FDE41030019DDF2 /* Assets.xcassets in Resources */ = {isa = PBXBuildFile; fileRef = CEFEC6531FDE41030019DDF2 /* Assets.xcassets */; };
		CEFEC6571FDE41030019DDF2 /* LaunchScreen.storyboard in Resources */ = {isa = PBXBuildFile; fileRef = CEFEC6551FDE41030019DDF2 /* LaunchScreen.storyboard */; };
		CEFEC6621FDE41040019DDF2 /* OSC_SwiftTests.swift in Sources */ = {isa = PBXBuildFile; fileRef = CEFEC6611FDE41040019DDF2 /* OSC_SwiftTests.swift */; };
		CEFEC66D1FDE41040019DDF2 /* OSC_SwiftUITests.swift in Sources */ = {isa = PBXBuildFile; fileRef = CEFEC66C1FDE41040019DDF2 /* OSC_SwiftUITests.swift */; };
		CEFEC6A31FDE44580019DDF2 /* format.html in Resources */ = {isa = PBXBuildFile; fileRef = CEFEC6801FDE44560019DDF2 /* format.html */; };
		CEFEC6A41FDE44580019DDF2 /* shake.mp3 in Resources */ = {isa = PBXBuildFile; fileRef = CEFEC6811FDE44570019DDF2 /* shake.mp3 */; };
		CEFEC6A51FDE44580019DDF2 /* activity.html in Resources */ = {isa = PBXBuildFile; fileRef = CEFEC6831FDE44570019DDF2 /* activity.html */; };
		CEFEC6A61FDE44580019DDF2 /* newTweet.html in Resources */ = {isa = PBXBuildFile; fileRef = CEFEC6841FDE44570019DDF2 /* newTweet.html */; };
		CEFEC6A71FDE44580019DDF2 /* blog.html in Resources */ = {isa = PBXBuildFile; fileRef = CEFEC6851FDE44570019DDF2 /* blog.html */; };
		CEFEC6A81FDE44580019DDF2 /* software.html in Resources */ = {isa = PBXBuildFile; fileRef = CEFEC6861FDE44570019DDF2 /* software.html */; };
		CEFEC6A91FDE44580019DDF2 /* base.mustache in Resources */ = {isa = PBXBuildFile; fileRef = CEFEC6871FDE44570019DDF2 /* base.mustache */; };
		CEFEC6AA1FDE44580019DDF2 /* article.html in Resources */ = {isa = PBXBuildFile; fileRef = CEFEC6881FDE44570019DDF2 /* article.html */; };
		CEFEC6AB1FDE44580019DDF2 /* blog.mustache in Resources */ = {isa = PBXBuildFile; fileRef = CEFEC6891FDE44570019DDF2 /* blog.mustache */; };
		CEFEC6AC1FDE44580019DDF2 /* git_project.mustache in Resources */ = {isa = PBXBuildFile; fileRef = CEFEC68A1FDE44570019DDF2 /* git_project.mustache */; };
		CEFEC6AD1FDE44580019DDF2 /* newTweet.mustache in Resources */ = {isa = PBXBuildFile; fileRef = CEFEC68B1FDE44570019DDF2 /* newTweet.mustache */; };
		CEFEC6AE1FDE44580019DDF2 /* git_project.html in Resources */ = {isa = PBXBuildFile; fileRef = CEFEC68C1FDE44570019DDF2 /* git_project.html */; };
		CEFEC6AF1FDE44580019DDF2 /* tweet.html in Resources */ = {isa = PBXBuildFile; fileRef = CEFEC68D1FDE44570019DDF2 /* tweet.html */; };
		CEFEC6B01FDE44580019DDF2 /* OSLicense.html in Resources */ = {isa = PBXBuildFile; fileRef = CEFEC68E1FDE44570019DDF2 /* OSLicense.html */; };
		CEFEC6B11FDE44580019DDF2 /* FontAwesome.ttf in Resources */ = {isa = PBXBuildFile; fileRef = CEFEC68F1FDE44570019DDF2 /* FontAwesome.ttf */; };
		CEFEC6B21FDE44580019DDF2 /* recommend_tag.png in Resources */ = {isa = PBXBuildFile; fileRef = CEFEC6901FDE44570019DDF2 /* recommend_tag.png */; };
		CEFEC6B31FDE44580019DDF2 /* note.png in Resources */ = {isa = PBXBuildFile; fileRef = CEFEC6921FDE44570019DDF2 /* note.png */; };
		CEFEC6B41FDE44580019DDF2 /* shooting.png in Resources */ = {isa = PBXBuildFile; fileRef = CEFEC6931FDE44570019DDF2 /* shooting.png */; };
		CEFEC6B51FDE44580019DDF2 /* sound.png in Resources */ = {isa = PBXBuildFile; fileRef = CEFEC6941FDE44570019DDF2 /* sound.png */; };
		CEFEC6B61FDE44580019DDF2 /* search.png in Resources */ = {isa = PBXBuildFile; fileRef = CEFEC6951FDE44570019DDF2 /* search.png */; };
		CEFEC6B71FDE44580019DDF2 /* tweetEditing.png in Resources */ = {isa = PBXBuildFile; fileRef = CEFEC6961FDE44570019DDF2 /* tweetEditing.png */; };
		CEFEC6B81FDE44580019DDF2 /* picture.png in Resources */ = {isa = PBXBuildFile; fileRef = CEFEC6971FDE44570019DDF2 /* picture.png */; };
		CEFEC6B91FDE44580019DDF2 /* scan.png in Resources */ = {isa = PBXBuildFile; fileRef = CEFEC6981FDE44570019DDF2 /* scan.png */; };
		CEFEC6BA1FDE44580019DDF2 /* jquery.js in Resources */ = {isa = PBXBuildFile; fileRef = CEFEC6991FDE44570019DDF2 /* jquery.js */; };
		CEFEC6BB1FDE44580019DDF2 /* code.html in Resources */ = {isa = PBXBuildFile; fileRef = CEFEC69A1FDE44570019DDF2 /* code.html */; };
		CEFEC6BC1FDE44580019DDF2 /* github.css in Resources */ = {isa = PBXBuildFile; fileRef = CEFEC69B1FDE44570019DDF2 /* github.css */; };
		CEFEC6BD1FDE44580019DDF2 /* highlight.pack.js in Resources */ = {isa = PBXBuildFile; fileRef = CEFEC69C1FDE44570019DDF2 /* highlight.pack.js */; };
		CEFEC6BE1FDE44580019DDF2 /* code.css in Resources */ = {isa = PBXBuildFile; fileRef = CEFEC69D1FDE44570019DDF2 /* code.css */; };
		CEFEC6BF1FDE44580019DDF2 /* git_project.css in Resources */ = {isa = PBXBuildFile; fileRef = CEFEC69F1FDE44570019DDF2 /* git_project.css */; };
		CEFEC6C01FDE44580019DDF2 /* detail.css in Resources */ = {isa = PBXBuildFile; fileRef = CEFEC6A01FDE44570019DDF2 /* detail.css */; };
		CEFEC6C11FDE44580019DDF2 /* blog.css in Resources */ = {isa = PBXBuildFile; fileRef = CEFEC6A11FDE44570019DDF2 /* blog.css */; };
		CEFEC6C21FDE44580019DDF2 /* base.html in Resources */ = {isa = PBXBuildFile; fileRef = CEFEC6A21FDE44580019DDF2 /* base.html */; };
		CEFEC6C81FDE5BC40019DDF2 /* R.generated.swift in Sources */ = {isa = PBXBuildFile; fileRef = CEFEC6C71FDE5BC40019DDF2 /* R.generated.swift */; };
		CEFEC6CA1FDE720B0019DDF2 /* OSCTabBarController.swift in Sources */ = {isa = PBXBuildFile; fileRef = CEFEC6C91FDE720B0019DDF2 /* OSCTabBarController.swift */; };
		CEFEC6CD1FDEBFFC0019DDF2 /* Config.swift in Sources */ = {isa = PBXBuildFile; fileRef = CEFEC6CC1FDEBFFC0019DDF2 /* Config.swift */; };
/* End PBXBuildFile section */

/* Begin PBXContainerItemProxy section */
		CEFEC65E1FDE41040019DDF2 /* PBXContainerItemProxy */ = {
			isa = PBXContainerItemProxy;
			containerPortal = CEFEC6411FDE41030019DDF2 /* Project object */;
			proxyType = 1;
			remoteGlobalIDString = CEFEC6481FDE41030019DDF2;
			remoteInfo = "OSC-Swift";
		};
		CEFEC6691FDE41040019DDF2 /* PBXContainerItemProxy */ = {
			isa = PBXContainerItemProxy;
			containerPortal = CEFEC6411FDE41030019DDF2 /* Project object */;
			proxyType = 1;
			remoteGlobalIDString = CEFEC6481FDE41030019DDF2;
			remoteInfo = "OSC-Swift";
		};
/* End PBXContainerItemProxy section */

/* Begin PBXFileReference section */
		0A7333335DB515DB0E1E4969 /* Pods_OSC_Swift.framework */ = {isa = PBXFileReference; explicitFileType = wrapper.framework; includeInIndex = 0; path = Pods_OSC_Swift.framework; sourceTree = BUILT_PRODUCTS_DIR; };
		777ABAD1853E6877D96ED6DF /* Pods-OSC-Swift.debug.xcconfig */ = {isa = PBXFileReference; includeInIndex = 1; lastKnownFileType = text.xcconfig; name = "Pods-OSC-Swift.debug.xcconfig"; path = "Pods/Target Support Files/Pods-OSC-Swift/Pods-OSC-Swift.debug.xcconfig"; sourceTree = "<group>"; };
		B87EE4758EFCCC549C436E11 /* Pods-OSC-Swift.release.xcconfig */ = {isa = PBXFileReference; includeInIndex = 1; lastKnownFileType = text.xcconfig; name = "Pods-OSC-Swift.release.xcconfig"; path = "Pods/Target Support Files/Pods-OSC-Swift/Pods-OSC-Swift.release.xcconfig"; sourceTree = "<group>"; };
		CE48FC9E1FDF580D00366E4F /* NewLoginViewController.swift */ = {isa = PBXFileReference; lastKnownFileType = sourcecode.swift; path = NewLoginViewController.swift; sourceTree = "<group>"; };
		CE48FCA01FDF582900366E4F /* FoundPWViewController.swift */ = {isa = PBXFileReference; lastKnownFileType = sourcecode.swift; path = FoundPWViewController.swift; sourceTree = "<group>"; };
		CE48FCA21FDF586B00366E4F /* RegisterInfoViewController.swift */ = {isa = PBXFileReference; lastKnownFileType = sourcecode.swift; path = RegisterInfoViewController.swift; sourceTree = "<group>"; };
		CE48FCA41FDF588400366E4F /* ResetPWViewController.swift */ = {isa = PBXFileReference; lastKnownFileType = sourcecode.swift; path = ResetPWViewController.swift; sourceTree = "<group>"; };
		CE48FCA61FDF58C100366E4F /* RegisterViewController.swift */ = {isa = PBXFileReference; lastKnownFileType = sourcecode.swift; path = RegisterViewController.swift; sourceTree = "<group>"; };
		CE48FCA81FDF69AE00366E4F /* CSDNLogin.storyboard */ = {isa = PBXFileReference; fileEncoding = 4; lastKnownFileType = file.storyboard; path = CSDNLogin.storyboard; sourceTree = "<group>"; };
		CE48FCA91FDF69AE00366E4F /* NewLogin.storyboard */ = {isa = PBXFileReference; fileEncoding = 4; lastKnownFileType = file.storyboard; path = NewLogin.storyboard; sourceTree = "<group>"; };
		CEFEC6491FDE41030019DDF2 /* OSC-Swift.app */ = {isa = PBXFileReference; explicitFileType = wrapper.application; includeInIndex = 0; path = "OSC-Swift.app"; sourceTree = BUILT_PRODUCTS_DIR; };
		CEFEC64C1FDE41030019DDF2 /* AppDelegate.swift */ = {isa = PBXFileReference; lastKnownFileType = sourcecode.swift; path = AppDelegate.swift; sourceTree = "<group>"; };
		CEFEC6511FDE41030019DDF2 /* Base */ = {isa = PBXFileReference; lastKnownFileType = file.storyboard; name = Base; path = Base.lproj/Main.storyboard; sourceTree = "<group>"; };
		CEFEC6531FDE41030019DDF2 /* Assets.xcassets */ = {isa = PBXFileReference; lastKnownFileType = folder.assetcatalog; path = Assets.xcassets; sourceTree = "<group>"; };
		CEFEC6561FDE41030019DDF2 /* Base */ = {isa = PBXFileReference; lastKnownFileType = file.storyboard; name = Base; path = Base.lproj/LaunchScreen.storyboard; sourceTree = "<group>"; };
		CEFEC6581FDE41030019DDF2 /* Info.plist */ = {isa = PBXFileReference; lastKnownFileType = text.plist.xml; path = Info.plist; sourceTree = "<group>"; };
		CEFEC65D1FDE41040019DDF2 /* OSC-SwiftTests.xctest */ = {isa = PBXFileReference; explicitFileType = wrapper.cfbundle; includeInIndex = 0; path = "OSC-SwiftTests.xctest"; sourceTree = BUILT_PRODUCTS_DIR; };
		CEFEC6611FDE41040019DDF2 /* OSC_SwiftTests.swift */ = {isa = PBXFileReference; lastKnownFileType = sourcecode.swift; path = OSC_SwiftTests.swift; sourceTree = "<group>"; };
		CEFEC6631FDE41040019DDF2 /* Info.plist */ = {isa = PBXFileReference; lastKnownFileType = text.plist.xml; path = Info.plist; sourceTree = "<group>"; };
		CEFEC6681FDE41040019DDF2 /* OSC-SwiftUITests.xctest */ = {isa = PBXFileReference; explicitFileType = wrapper.cfbundle; includeInIndex = 0; path = "OSC-SwiftUITests.xctest"; sourceTree = BUILT_PRODUCTS_DIR; };
		CEFEC66C1FDE41040019DDF2 /* OSC_SwiftUITests.swift */ = {isa = PBXFileReference; lastKnownFileType = sourcecode.swift; path = OSC_SwiftUITests.swift; sourceTree = "<group>"; };
		CEFEC66E1FDE41040019DDF2 /* Info.plist */ = {isa = PBXFileReference; lastKnownFileType = text.plist.xml; path = Info.plist; sourceTree = "<group>"; };
		CEFEC6801FDE44560019DDF2 /* format.html */ = {isa = PBXFileReference; fileEncoding = 4; lastKnownFileType = text.html; path = format.html; sourceTree = "<group>"; };
		CEFEC6811FDE44570019DDF2 /* shake.mp3 */ = {isa = PBXFileReference; lastKnownFileType = audio.mp3; path = shake.mp3; sourceTree = "<group>"; };
		CEFEC6831FDE44570019DDF2 /* activity.html */ = {isa = PBXFileReference; fileEncoding = 4; lastKnownFileType = text.html; path = activity.html; sourceTree = "<group>"; };
		CEFEC6841FDE44570019DDF2 /* newTweet.html */ = {isa = PBXFileReference; fileEncoding = 4; lastKnownFileType = text.html; path = newTweet.html; sourceTree = "<group>"; };
		CEFEC6851FDE44570019DDF2 /* blog.html */ = {isa = PBXFileReference; fileEncoding = 4; lastKnownFileType = text.html; path = blog.html; sourceTree = "<group>"; };
		CEFEC6861FDE44570019DDF2 /* software.html */ = {isa = PBXFileReference; fileEncoding = 4; lastKnownFileType = text.html; path = software.html; sourceTree = "<group>"; };
		CEFEC6871FDE44570019DDF2 /* base.mustache */ = {isa = PBXFileReference; fileEncoding = 4; lastKnownFileType = text; path = base.mustache; sourceTree = "<group>"; };
		CEFEC6881FDE44570019DDF2 /* article.html */ = {isa = PBXFileReference; fileEncoding = 4; lastKnownFileType = text.html; path = article.html; sourceTree = "<group>"; };
		CEFEC6891FDE44570019DDF2 /* blog.mustache */ = {isa = PBXFileReference; fileEncoding = 4; lastKnownFileType = text; path = blog.mustache; sourceTree = "<group>"; };
		CEFEC68A1FDE44570019DDF2 /* git_project.mustache */ = {isa = PBXFileReference; fileEncoding = 4; lastKnownFileType = text; path = git_project.mustache; sourceTree = "<group>"; };
		CEFEC68B1FDE44570019DDF2 /* newTweet.mustache */ = {isa = PBXFileReference; fileEncoding = 4; lastKnownFileType = text; path = newTweet.mustache; sourceTree = "<group>"; };
		CEFEC68C1FDE44570019DDF2 /* git_project.html */ = {isa = PBXFileReference; fileEncoding = 4; lastKnownFileType = text.html; path = git_project.html; sourceTree = "<group>"; };
		CEFEC68D1FDE44570019DDF2 /* tweet.html */ = {isa = PBXFileReference; fileEncoding = 4; lastKnownFileType = text.html; path = tweet.html; sourceTree = "<group>"; };
		CEFEC68E1FDE44570019DDF2 /* OSLicense.html */ = {isa = PBXFileReference; fileEncoding = 4; lastKnownFileType = text.html; path = OSLicense.html; sourceTree = "<group>"; };
		CEFEC68F1FDE44570019DDF2 /* FontAwesome.ttf */ = {isa = PBXFileReference; lastKnownFileType = file; path = FontAwesome.ttf; sourceTree = "<group>"; };
		CEFEC6901FDE44570019DDF2 /* recommend_tag.png */ = {isa = PBXFileReference; lastKnownFileType = image.png; path = recommend_tag.png; sourceTree = "<group>"; };
		CEFEC6921FDE44570019DDF2 /* note.png */ = {isa = PBXFileReference; lastKnownFileType = image.png; path = note.png; sourceTree = "<group>"; };
		CEFEC6931FDE44570019DDF2 /* shooting.png */ = {isa = PBXFileReference; lastKnownFileType = image.png; path = shooting.png; sourceTree = "<group>"; };
		CEFEC6941FDE44570019DDF2 /* sound.png */ = {isa = PBXFileReference; lastKnownFileType = image.png; path = sound.png; sourceTree = "<group>"; };
		CEFEC6951FDE44570019DDF2 /* search.png */ = {isa = PBXFileReference; lastKnownFileType = image.png; path = search.png; sourceTree = "<group>"; };
		CEFEC6961FDE44570019DDF2 /* tweetEditing.png */ = {isa = PBXFileReference; lastKnownFileType = image.png; path = tweetEditing.png; sourceTree = "<group>"; };
		CEFEC6971FDE44570019DDF2 /* picture.png */ = {isa = PBXFileReference; lastKnownFileType = image.png; path = picture.png; sourceTree = "<group>"; };
		CEFEC6981FDE44570019DDF2 /* scan.png */ = {isa = PBXFileReference; lastKnownFileType = image.png; path = scan.png; sourceTree = "<group>"; };
		CEFEC6991FDE44570019DDF2 /* jquery.js */ = {isa = PBXFileReference; fileEncoding = 4; lastKnownFileType = sourcecode.javascript; path = jquery.js; sourceTree = "<group>"; };
		CEFEC69A1FDE44570019DDF2 /* code.html */ = {isa = PBXFileReference; fileEncoding = 4; lastKnownFileType = text.html; path = code.html; sourceTree = "<group>"; };
		CEFEC69B1FDE44570019DDF2 /* github.css */ = {isa = PBXFileReference; fileEncoding = 4; lastKnownFileType = text.css; path = github.css; sourceTree = "<group>"; };
		CEFEC69C1FDE44570019DDF2 /* highlight.pack.js */ = {isa = PBXFileReference; fileEncoding = 4; lastKnownFileType = sourcecode.javascript; path = highlight.pack.js; sourceTree = "<group>"; };
		CEFEC69D1FDE44570019DDF2 /* code.css */ = {isa = PBXFileReference; fileEncoding = 4; lastKnownFileType = text.css; path = code.css; sourceTree = "<group>"; };
		CEFEC69F1FDE44570019DDF2 /* git_project.css */ = {isa = PBXFileReference; fileEncoding = 4; lastKnownFileType = text.css; path = git_project.css; sourceTree = "<group>"; };
		CEFEC6A01FDE44570019DDF2 /* detail.css */ = {isa = PBXFileReference; fileEncoding = 4; lastKnownFileType = text.css; path = detail.css; sourceTree = "<group>"; };
		CEFEC6A11FDE44570019DDF2 /* blog.css */ = {isa = PBXFileReference; fileEncoding = 4; lastKnownFileType = text.css; path = blog.css; sourceTree = "<group>"; };
		CEFEC6A21FDE44580019DDF2 /* base.html */ = {isa = PBXFileReference; fileEncoding = 4; lastKnownFileType = text.html; path = base.html; sourceTree = "<group>"; };
		CEFEC6C71FDE5BC40019DDF2 /* R.generated.swift */ = {isa = PBXFileReference; fileEncoding = 4; lastKnownFileType = sourcecode.swift; path = R.generated.swift; sourceTree = SOURCE_ROOT; };
		CEFEC6C91FDE720B0019DDF2 /* OSCTabBarController.swift */ = {isa = PBXFileReference; lastKnownFileType = sourcecode.swift; path = OSCTabBarController.swift; sourceTree = "<group>"; };
		CEFEC6CC1FDEBFFC0019DDF2 /* Config.swift */ = {isa = PBXFileReference; lastKnownFileType = sourcecode.swift; path = Config.swift; sourceTree = "<group>"; };
/* End PBXFileReference section */

/* Begin PBXFrameworksBuildPhase section */
		CEFEC6461FDE41030019DDF2 /* Frameworks */ = {
			isa = PBXFrameworksBuildPhase;
			buildActionMask = 2147483647;
			files = (
				6CE8B60625BC0FFE9142D6E9 /* Pods_OSC_Swift.framework in Frameworks */,
			);
			runOnlyForDeploymentPostprocessing = 0;
		};
		CEFEC65A1FDE41040019DDF2 /* Frameworks */ = {
			isa = PBXFrameworksBuildPhase;
			buildActionMask = 2147483647;
			files = (
			);
			runOnlyForDeploymentPostprocessing = 0;
		};
		CEFEC6651FDE41040019DDF2 /* Frameworks */ = {
			isa = PBXFrameworksBuildPhase;
			buildActionMask = 2147483647;
			files = (
			);
			runOnlyForDeploymentPostprocessing = 0;
		};
/* End PBXFrameworksBuildPhase section */

/* Begin PBXGroup section */
		263D73016E4E699FB0D8B7B6 /* Frameworks */ = {
			isa = PBXGroup;
			children = (
				0A7333335DB515DB0E1E4969 /* Pods_OSC_Swift.framework */,
			);
			name = Frameworks;
			sourceTree = "<group>";
		};
		CE48FC9A1FDF566B00366E4F /* Login */ = {
			isa = PBXGroup;
			children = (
				CE48FC9E1FDF580D00366E4F /* NewLoginViewController.swift */,
				CE48FCA01FDF582900366E4F /* FoundPWViewController.swift */,
				CE48FCA21FDF586B00366E4F /* RegisterInfoViewController.swift */,
				CE48FCA41FDF588400366E4F /* ResetPWViewController.swift */,
				CE48FCA61FDF58C100366E4F /* RegisterViewController.swift */,
			);
			path = Login;
			sourceTree = "<group>";
		};
		CEFEC6401FDE41030019DDF2 = {
			isa = PBXGroup;
			children = (
				CEFEC64B1FDE41030019DDF2 /* OSC-Swift */,
				CEFEC6601FDE41040019DDF2 /* OSC-SwiftTests */,
				CEFEC66B1FDE41040019DDF2 /* OSC-SwiftUITests */,
				CEFEC64A1FDE41030019DDF2 /* Products */,
				FE12885E547DA5FA7F7D5A86 /* Pods */,
				263D73016E4E699FB0D8B7B6 /* Frameworks */,
			);
			sourceTree = "<group>";
		};
		CEFEC64A1FDE41030019DDF2 /* Products */ = {
			isa = PBXGroup;
			children = (
				CEFEC6491FDE41030019DDF2 /* OSC-Swift.app */,
				CEFEC65D1FDE41040019DDF2 /* OSC-SwiftTests.xctest */,
				CEFEC6681FDE41040019DDF2 /* OSC-SwiftUITests.xctest */,
			);
			name = Products;
			sourceTree = "<group>";
		};
		CEFEC64B1FDE41030019DDF2 /* OSC-Swift */ = {
			isa = PBXGroup;
			children = (
				CE48FCA81FDF69AE00366E4F /* CSDNLogin.storyboard */,
				CE48FCA91FDF69AE00366E4F /* NewLogin.storyboard */,
				CEFEC6501FDE41030019DDF2 /* Main.storyboard */,
				CEFEC6551FDE41030019DDF2 /* LaunchScreen.storyboard */,
				CEFEC6531FDE41030019DDF2 /* Assets.xcassets */,
				CEFEC6581FDE41030019DDF2 /* Info.plist */,
				CEFEC67E1FDE43BA0019DDF2 /* Resources */,
				CEFEC67D1FDE43B10019DDF2 /* Utils */,
				CEFEC67C1FDE43AB0019DDF2 /* Views */,
				CEFEC67B1FDE43A00019DDF2 /* Controllers */,
				CEFEC67A1FDE41170019DDF2 /* Application */,
			);
			path = "OSC-Swift";
			sourceTree = "<group>";
		};
		CEFEC6601FDE41040019DDF2 /* OSC-SwiftTests */ = {
			isa = PBXGroup;
			children = (
				CEFEC6611FDE41040019DDF2 /* OSC_SwiftTests.swift */,
				CEFEC6631FDE41040019DDF2 /* Info.plist */,
			);
			path = "OSC-SwiftTests";
			sourceTree = "<group>";
		};
		CEFEC66B1FDE41040019DDF2 /* OSC-SwiftUITests */ = {
			isa = PBXGroup;
			children = (
				CEFEC66C1FDE41040019DDF2 /* OSC_SwiftUITests.swift */,
				CEFEC66E1FDE41040019DDF2 /* Info.plist */,
			);
			path = "OSC-SwiftUITests";
			sourceTree = "<group>";
		};
		CEFEC67A1FDE41170019DDF2 /* Application */ = {
			isa = PBXGroup;
			children = (
				CEFEC64C1FDE41030019DDF2 /* AppDelegate.swift */,
			);
			path = Application;
			sourceTree = "<group>";
		};
		CEFEC67B1FDE43A00019DDF2 /* Controllers */ = {
			isa = PBXGroup;
			children = (
				CE48FC9A1FDF566B00366E4F /* Login */,
				CEFEC6C31FDE53530019DDF2 /* Main */,
			);
			path = Controllers;
			sourceTree = "<group>";
		};
		CEFEC67C1FDE43AB0019DDF2 /* Views */ = {
			isa = PBXGroup;
			children = (
				CEFEC6CC1FDEBFFC0019DDF2 /* Config.swift */,
			);
			path = Views;
			sourceTree = "<group>";
		};
		CEFEC67D1FDE43B10019DDF2 /* Utils */ = {
			isa = PBXGroup;
			children = (
			);
			path = Utils;
			sourceTree = "<group>";
		};
		CEFEC67E1FDE43BA0019DDF2 /* Resources */ = {
			isa = PBXGroup;
			children = (
				CEFEC6C71FDE5BC40019DDF2 /* R.generated.swift */,
				CEFEC6A21FDE44580019DDF2 /* base.html */,
				CEFEC69D1FDE44570019DDF2 /* code.css */,
				CEFEC69A1FDE44570019DDF2 /* code.html */,
				CEFEC69E1FDE44570019DDF2 /* CSS */,
				CEFEC68F1FDE44570019DDF2 /* FontAwesome.ttf */,
				CEFEC6801FDE44560019DDF2 /* format.html */,
				CEFEC69B1FDE44570019DDF2 /* github.css */,
				CEFEC69C1FDE44570019DDF2 /* highlight.pack.js */,
				CEFEC6821FDE44570019DDF2 /* html */,
				CEFEC6991FDE44570019DDF2 /* jquery.js */,
				CEFEC6911FDE44570019DDF2 /* option buttons */,
				CEFEC6901FDE44570019DDF2 /* recommend_tag.png */,
				CEFEC6811FDE44570019DDF2 /* shake.mp3 */,
			);
			path = Resources;
			sourceTree = "<group>";
		};
		CEFEC6821FDE44570019DDF2 /* html */ = {
			isa = PBXGroup;
			children = (
				CEFEC6831FDE44570019DDF2 /* activity.html */,
				CEFEC6841FDE44570019DDF2 /* newTweet.html */,
				CEFEC6851FDE44570019DDF2 /* blog.html */,
				CEFEC6861FDE44570019DDF2 /* software.html */,
				CEFEC6871FDE44570019DDF2 /* base.mustache */,
				CEFEC6881FDE44570019DDF2 /* article.html */,
				CEFEC6891FDE44570019DDF2 /* blog.mustache */,
				CEFEC68A1FDE44570019DDF2 /* git_project.mustache */,
				CEFEC68B1FDE44570019DDF2 /* newTweet.mustache */,
				CEFEC68C1FDE44570019DDF2 /* git_project.html */,
				CEFEC68D1FDE44570019DDF2 /* tweet.html */,
				CEFEC68E1FDE44570019DDF2 /* OSLicense.html */,
			);
			path = html;
			sourceTree = "<group>";
		};
		CEFEC6911FDE44570019DDF2 /* option buttons */ = {
			isa = PBXGroup;
			children = (
				CEFEC6921FDE44570019DDF2 /* note.png */,
				CEFEC6931FDE44570019DDF2 /* shooting.png */,
				CEFEC6941FDE44570019DDF2 /* sound.png */,
				CEFEC6951FDE44570019DDF2 /* search.png */,
				CEFEC6961FDE44570019DDF2 /* tweetEditing.png */,
				CEFEC6971FDE44570019DDF2 /* picture.png */,
				CEFEC6981FDE44570019DDF2 /* scan.png */,
			);
			path = "option buttons";
			sourceTree = "<group>";
		};
		CEFEC69E1FDE44570019DDF2 /* CSS */ = {
			isa = PBXGroup;
			children = (
				CEFEC69F1FDE44570019DDF2 /* git_project.css */,
				CEFEC6A01FDE44570019DDF2 /* detail.css */,
				CEFEC6A11FDE44570019DDF2 /* blog.css */,
			);
			path = CSS;
			sourceTree = "<group>";
		};
		CEFEC6C31FDE53530019DDF2 /* Main */ = {
			isa = PBXGroup;
			children = (
				CEFEC6C91FDE720B0019DDF2 /* OSCTabBarController.swift */,
			);
			path = Main;
			sourceTree = "<group>";
		};
		FE12885E547DA5FA7F7D5A86 /* Pods */ = {
			isa = PBXGroup;
			children = (
				777ABAD1853E6877D96ED6DF /* Pods-OSC-Swift.debug.xcconfig */,
				B87EE4758EFCCC549C436E11 /* Pods-OSC-Swift.release.xcconfig */,
			);
			name = Pods;
			sourceTree = "<group>";
		};
/* End PBXGroup section */

/* Begin PBXNativeTarget section */
		CEFEC6481FDE41030019DDF2 /* OSC-Swift */ = {
			isa = PBXNativeTarget;
			buildConfigurationList = CEFEC6711FDE41040019DDF2 /* Build configuration list for PBXNativeTarget "OSC-Swift" */;
			buildPhases = (
				186F422A9CFD98E68D5085AE /* [CP] Check Pods Manifest.lock */,
				CEFEC6C61FDE5A070019DDF2 /* ShellScript */,
				CEFEC6451FDE41030019DDF2 /* Sources */,
				CEFEC6461FDE41030019DDF2 /* Frameworks */,
				CEFEC6471FDE41030019DDF2 /* Resources */,
				52F25A16918A74270346608E /* [CP] Embed Pods Frameworks */,
				59A99C056110F2D17C228786 /* [CP] Copy Pods Resources */,
			);
			buildRules = (
			);
			dependencies = (
			);
			name = "OSC-Swift";
			productName = "OSC-Swift";
			productReference = CEFEC6491FDE41030019DDF2 /* OSC-Swift.app */;
			productType = "com.apple.product-type.application";
		};
		CEFEC65C1FDE41040019DDF2 /* OSC-SwiftTests */ = {
			isa = PBXNativeTarget;
			buildConfigurationList = CEFEC6741FDE41040019DDF2 /* Build configuration list for PBXNativeTarget "OSC-SwiftTests" */;
			buildPhases = (
				CEFEC6591FDE41040019DDF2 /* Sources */,
				CEFEC65A1FDE41040019DDF2 /* Frameworks */,
				CEFEC65B1FDE41040019DDF2 /* Resources */,
			);
			buildRules = (
			);
			dependencies = (
				CEFEC65F1FDE41040019DDF2 /* PBXTargetDependency */,
			);
			name = "OSC-SwiftTests";
			productName = "OSC-SwiftTests";
			productReference = CEFEC65D1FDE41040019DDF2 /* OSC-SwiftTests.xctest */;
			productType = "com.apple.product-type.bundle.unit-test";
		};
		CEFEC6671FDE41040019DDF2 /* OSC-SwiftUITests */ = {
			isa = PBXNativeTarget;
			buildConfigurationList = CEFEC6771FDE41040019DDF2 /* Build configuration list for PBXNativeTarget "OSC-SwiftUITests" */;
			buildPhases = (
				CEFEC6641FDE41040019DDF2 /* Sources */,
				CEFEC6651FDE41040019DDF2 /* Frameworks */,
				CEFEC6661FDE41040019DDF2 /* Resources */,
			);
			buildRules = (
			);
			dependencies = (
				CEFEC66A1FDE41040019DDF2 /* PBXTargetDependency */,
			);
			name = "OSC-SwiftUITests";
			productName = "OSC-SwiftUITests";
			productReference = CEFEC6681FDE41040019DDF2 /* OSC-SwiftUITests.xctest */;
			productType = "com.apple.product-type.bundle.ui-testing";
		};
/* End PBXNativeTarget section */

/* Begin PBXProject section */
		CEFEC6411FDE41030019DDF2 /* Project object */ = {
			isa = PBXProject;
			attributes = {
				LastSwiftUpdateCheck = 0910;
				LastUpgradeCheck = 0910;
				ORGANIZATIONNAME = awd;
				TargetAttributes = {
					CEFEC6481FDE41030019DDF2 = {
						CreatedOnToolsVersion = 9.1;
						ProvisioningStyle = Automatic;
					};
					CEFEC65C1FDE41040019DDF2 = {
						CreatedOnToolsVersion = 9.1;
						ProvisioningStyle = Automatic;
						TestTargetID = CEFEC6481FDE41030019DDF2;
					};
					CEFEC6671FDE41040019DDF2 = {
						CreatedOnToolsVersion = 9.1;
						ProvisioningStyle = Automatic;
						TestTargetID = CEFEC6481FDE41030019DDF2;
					};
				};
			};
			buildConfigurationList = CEFEC6441FDE41030019DDF2 /* Build configuration list for PBXProject "OSC-Swift" */;
			compatibilityVersion = "Xcode 8.0";
			developmentRegion = en;
			hasScannedForEncodings = 0;
			knownRegions = (
				en,
				Base,
			);
			mainGroup = CEFEC6401FDE41030019DDF2;
			productRefGroup = CEFEC64A1FDE41030019DDF2 /* Products */;
			projectDirPath = "";
			projectRoot = "";
			targets = (
				CEFEC6481FDE41030019DDF2 /* OSC-Swift */,
				CEFEC65C1FDE41040019DDF2 /* OSC-SwiftTests */,
				CEFEC6671FDE41040019DDF2 /* OSC-SwiftUITests */,
			);
		};
/* End PBXProject section */

/* Begin PBXResourcesBuildPhase section */
		CEFEC6471FDE41030019DDF2 /* Resources */ = {
			isa = PBXResourcesBuildPhase;
			buildActionMask = 2147483647;
			files = (
				CEFEC6BF1FDE44580019DDF2 /* git_project.css in Resources */,
				CEFEC6A71FDE44580019DDF2 /* blog.html in Resources */,
				CEFEC6BC1FDE44580019DDF2 /* github.css in Resources */,
				CEFEC6B31FDE44580019DDF2 /* note.png in Resources */,
				CEFEC6AB1FDE44580019DDF2 /* blog.mustache in Resources */,
				CEFEC6A61FDE44580019DDF2 /* newTweet.html in Resources */,
				CEFEC6B91FDE44580019DDF2 /* scan.png in Resources */,
				CEFEC6571FDE41030019DDF2 /* LaunchScreen.storyboard in Resources */,
				CEFEC6BA1FDE44580019DDF2 /* jquery.js in Resources */,
				CEFEC6C11FDE44580019DDF2 /* blog.css in Resources */,
				CEFEC6BB1FDE44580019DDF2 /* code.html in Resources */,
				CEFEC6A81FDE44580019DDF2 /* software.html in Resources */,
				CE48FCAA1FDF69AE00366E4F /* CSDNLogin.storyboard in Resources */,
				CE48FCAB1FDF69AE00366E4F /* NewLogin.storyboard in Resources */,
				CEFEC6B11FDE44580019DDF2 /* FontAwesome.ttf in Resources */,
				CEFEC6541FDE41030019DDF2 /* Assets.xcassets in Resources */,
				CEFEC6B71FDE44580019DDF2 /* tweetEditing.png in Resources */,
				CEFEC6AF1FDE44580019DDF2 /* tweet.html in Resources */,
				CEFEC6A41FDE44580019DDF2 /* shake.mp3 in Resources */,
				CEFEC6A91FDE44580019DDF2 /* base.mustache in Resources */,
				CEFEC6A51FDE44580019DDF2 /* activity.html in Resources */,
				CEFEC6B21FDE44580019DDF2 /* recommend_tag.png in Resources */,
				CEFEC6BE1FDE44580019DDF2 /* code.css in Resources */,
				CEFEC6B01FDE44580019DDF2 /* OSLicense.html in Resources */,
				CEFEC6AC1FDE44580019DDF2 /* git_project.mustache in Resources */,
				CEFEC6521FDE41030019DDF2 /* Main.storyboard in Resources */,
				CEFEC6A31FDE44580019DDF2 /* format.html in Resources */,
				CEFEC6AD1FDE44580019DDF2 /* newTweet.mustache in Resources */,
				CEFEC6AA1FDE44580019DDF2 /* article.html in Resources */,
				CEFEC6C01FDE44580019DDF2 /* detail.css in Resources */,
				CEFEC6AE1FDE44580019DDF2 /* git_project.html in Resources */,
				CEFEC6B81FDE44580019DDF2 /* picture.png in Resources */,
				CEFEC6B41FDE44580019DDF2 /* shooting.png in Resources */,
				CEFEC6C21FDE44580019DDF2 /* base.html in Resources */,
				CEFEC6B51FDE44580019DDF2 /* sound.png in Resources */,
				CEFEC6B61FDE44580019DDF2 /* search.png in Resources */,
				CEFEC6BD1FDE44580019DDF2 /* highlight.pack.js in Resources */,
			);
			runOnlyForDeploymentPostprocessing = 0;
		};
		CEFEC65B1FDE41040019DDF2 /* Resources */ = {
			isa = PBXResourcesBuildPhase;
			buildActionMask = 2147483647;
			files = (
			);
			runOnlyForDeploymentPostprocessing = 0;
		};
		CEFEC6661FDE41040019DDF2 /* Resources */ = {
			isa = PBXResourcesBuildPhase;
			buildActionMask = 2147483647;
			files = (
			);
			runOnlyForDeploymentPostprocessing = 0;
		};
/* End PBXResourcesBuildPhase section */

/* Begin PBXShellScriptBuildPhase section */
		186F422A9CFD98E68D5085AE /* [CP] Check Pods Manifest.lock */ = {
			isa = PBXShellScriptBuildPhase;
			buildActionMask = 2147483647;
			files = (
			);
			inputPaths = (
			);
			name = "[CP] Check Pods Manifest.lock";
			outputPaths = (
			);
			runOnlyForDeploymentPostprocessing = 0;
			shellPath = /bin/sh;
			shellScript = "diff \"${PODS_ROOT}/../Podfile.lock\" \"${PODS_ROOT}/Manifest.lock\" > /dev/null\nif [ $? != 0 ] ; then\n    # print error to STDERR\n    echo \"error: The sandbox is not in sync with the Podfile.lock. Run 'pod install' or update your CocoaPods installation.\" >&2\n    exit 1\nfi\n";
			showEnvVarsInLog = 0;
		};
		52F25A16918A74270346608E /* [CP] Embed Pods Frameworks */ = {
			isa = PBXShellScriptBuildPhase;
			buildActionMask = 2147483647;
			files = (
			);
			inputPaths = (
			);
			name = "[CP] Embed Pods Frameworks";
			outputPaths = (
			);
			runOnlyForDeploymentPostprocessing = 0;
			shellPath = /bin/sh;
			shellScript = "\"${SRCROOT}/Pods/Target Support Files/Pods-OSC-Swift/Pods-OSC-Swift-frameworks.sh\"\n";
			showEnvVarsInLog = 0;
		};
		59A99C056110F2D17C228786 /* [CP] Copy Pods Resources */ = {
			isa = PBXShellScriptBuildPhase;
			buildActionMask = 2147483647;
			files = (
			);
			inputPaths = (
			);
			name = "[CP] Copy Pods Resources";
			outputPaths = (
			);
			runOnlyForDeploymentPostprocessing = 0;
			shellPath = /bin/sh;
			shellScript = "\"${SRCROOT}/Pods/Target Support Files/Pods-OSC-Swift/Pods-OSC-Swift-resources.sh\"\n";
			showEnvVarsInLog = 0;
		};
		CEFEC6C61FDE5A070019DDF2 /* ShellScript */ = {
			isa = PBXShellScriptBuildPhase;
			buildActionMask = 2147483647;
			files = (
			);
			inputPaths = (
			);
			outputPaths = (
			);
			runOnlyForDeploymentPostprocessing = 0;
			shellPath = /bin/sh;
			shellScript = "\"$PODS_ROOT/R.swift/rswift\" generate \"$SRCROOT\"";
		};
/* End PBXShellScriptBuildPhase section */

/* Begin PBXSourcesBuildPhase section */
		CEFEC6451FDE41030019DDF2 /* Sources */ = {
			isa = PBXSourcesBuildPhase;
			buildActionMask = 2147483647;
			files = (
				CE48FCA71FDF58C100366E4F /* RegisterViewController.swift in Sources */,
				CE48FCA31FDF586B00366E4F /* RegisterInfoViewController.swift in Sources */,
				CE48FCA11FDF582900366E4F /* FoundPWViewController.swift in Sources */,
				CEFEC6CA1FDE720B0019DDF2 /* OSCTabBarController.swift in Sources */,
				CEFEC6CD1FDEBFFC0019DDF2 /* Config.swift in Sources */,
				CEFEC64D1FDE41030019DDF2 /* AppDelegate.swift in Sources */,
				CE48FC9F1FDF580D00366E4F /* NewLoginViewController.swift in Sources */,
				CEFEC6C81FDE5BC40019DDF2 /* R.generated.swift in Sources */,
				CE48FCA51FDF588400366E4F /* ResetPWViewController.swift in Sources */,
			);
			runOnlyForDeploymentPostprocessing = 0;
		};
		CEFEC6591FDE41040019DDF2 /* Sources */ = {
			isa = PBXSourcesBuildPhase;
			buildActionMask = 2147483647;
			files = (
				CEFEC6621FDE41040019DDF2 /* OSC_SwiftTests.swift in Sources */,
			);
			runOnlyForDeploymentPostprocessing = 0;
		};
		CEFEC6641FDE41040019DDF2 /* Sources */ = {
			isa = PBXSourcesBuildPhase;
			buildActionMask = 2147483647;
			files = (
				CEFEC66D1FDE41040019DDF2 /* OSC_SwiftUITests.swift in Sources */,
			);
			runOnlyForDeploymentPostprocessing = 0;
		};
/* End PBXSourcesBuildPhase section */

/* Begin PBXTargetDependency section */
		CEFEC65F1FDE41040019DDF2 /* PBXTargetDependency */ = {
			isa = PBXTargetDependency;
			target = CEFEC6481FDE41030019DDF2 /* OSC-Swift */;
			targetProxy = CEFEC65E1FDE41040019DDF2 /* PBXContainerItemProxy */;
		};
		CEFEC66A1FDE41040019DDF2 /* PBXTargetDependency */ = {
			isa = PBXTargetDependency;
			target = CEFEC6481FDE41030019DDF2 /* OSC-Swift */;
			targetProxy = CEFEC6691FDE41040019DDF2 /* PBXContainerItemProxy */;
		};
/* End PBXTargetDependency section */

/* Begin PBXVariantGroup section */
		CEFEC6501FDE41030019DDF2 /* Main.storyboard */ = {
			isa = PBXVariantGroup;
			children = (
				CEFEC6511FDE41030019DDF2 /* Base */,
			);
			name = Main.storyboard;
			sourceTree = "<group>";
		};
		CEFEC6551FDE41030019DDF2 /* LaunchScreen.storyboard */ = {
			isa = PBXVariantGroup;
			children = (
				CEFEC6561FDE41030019DDF2 /* Base */,
			);
			name = LaunchScreen.storyboard;
			sourceTree = "<group>";
		};
/* End PBXVariantGroup section */

/* Begin XCBuildConfiguration section */
		CEFEC66F1FDE41040019DDF2 /* Debug */ = {
			isa = XCBuildConfiguration;
			buildSettings = {
				ALWAYS_SEARCH_USER_PATHS = NO;
				CLANG_ANALYZER_NONNULL = YES;
				CLANG_ANALYZER_NUMBER_OBJECT_CONVERSION = YES_AGGRESSIVE;
				CLANG_CXX_LANGUAGE_STANDARD = "gnu++14";
				CLANG_CXX_LIBRARY = "libc++";
				CLANG_ENABLE_MODULES = YES;
				CLANG_ENABLE_OBJC_ARC = YES;
				CLANG_WARN_BLOCK_CAPTURE_AUTORELEASING = YES;
				CLANG_WARN_BOOL_CONVERSION = YES;
				CLANG_WARN_COMMA = YES;
				CLANG_WARN_CONSTANT_CONVERSION = YES;
				CLANG_WARN_DIRECT_OBJC_ISA_USAGE = YES_ERROR;
				CLANG_WARN_DOCUMENTATION_COMMENTS = YES;
				CLANG_WARN_EMPTY_BODY = YES;
				CLANG_WARN_ENUM_CONVERSION = YES;
				CLANG_WARN_INFINITE_RECURSION = YES;
				CLANG_WARN_INT_CONVERSION = YES;
				CLANG_WARN_NON_LITERAL_NULL_CONVERSION = YES;
				CLANG_WARN_OBJC_LITERAL_CONVERSION = YES;
				CLANG_WARN_OBJC_ROOT_CLASS = YES_ERROR;
				CLANG_WARN_RANGE_LOOP_ANALYSIS = YES;
				CLANG_WARN_STRICT_PROTOTYPES = YES;
				CLANG_WARN_SUSPICIOUS_MOVE = YES;
				CLANG_WARN_UNGUARDED_AVAILABILITY = YES_AGGRESSIVE;
				CLANG_WARN_UNREACHABLE_CODE = YES;
				CLANG_WARN__DUPLICATE_METHOD_MATCH = YES;
				CODE_SIGN_IDENTITY = "iPhone Developer";
				COPY_PHASE_STRIP = NO;
				DEBUG_INFORMATION_FORMAT = dwarf;
				ENABLE_STRICT_OBJC_MSGSEND = YES;
				ENABLE_TESTABILITY = YES;
				GCC_C_LANGUAGE_STANDARD = gnu11;
				GCC_DYNAMIC_NO_PIC = NO;
				GCC_NO_COMMON_BLOCKS = YES;
				GCC_OPTIMIZATION_LEVEL = 0;
				GCC_PREPROCESSOR_DEFINITIONS = (
					"DEBUG=1",
					"$(inherited)",
				);
				GCC_WARN_64_TO_32_BIT_CONVERSION = YES;
				GCC_WARN_ABOUT_RETURN_TYPE = YES_ERROR;
				GCC_WARN_UNDECLARED_SELECTOR = YES;
				GCC_WARN_UNINITIALIZED_AUTOS = YES_AGGRESSIVE;
				GCC_WARN_UNUSED_FUNCTION = YES;
				GCC_WARN_UNUSED_VARIABLE = YES;
				IPHONEOS_DEPLOYMENT_TARGET = 11.1;
				MTL_ENABLE_DEBUG_INFO = YES;
				ONLY_ACTIVE_ARCH = YES;
				SDKROOT = iphoneos;
				SWIFT_ACTIVE_COMPILATION_CONDITIONS = DEBUG;
				SWIFT_OPTIMIZATION_LEVEL = "-Onone";
			};
			name = Debug;
		};
		CEFEC6701FDE41040019DDF2 /* Release */ = {
			isa = XCBuildConfiguration;
			buildSettings = {
				ALWAYS_SEARCH_USER_PATHS = NO;
				CLANG_ANALYZER_NONNULL = YES;
				CLANG_ANALYZER_NUMBER_OBJECT_CONVERSION = YES_AGGRESSIVE;
				CLANG_CXX_LANGUAGE_STANDARD = "gnu++14";
				CLANG_CXX_LIBRARY = "libc++";
				CLANG_ENABLE_MODULES = YES;
				CLANG_ENABLE_OBJC_ARC = YES;
				CLANG_WARN_BLOCK_CAPTURE_AUTORELEASING = YES;
				CLANG_WARN_BOOL_CONVERSION = YES;
				CLANG_WARN_COMMA = YES;
				CLANG_WARN_CONSTANT_CONVERSION = YES;
				CLANG_WARN_DIRECT_OBJC_ISA_USAGE = YES_ERROR;
				CLANG_WARN_DOCUMENTATION_COMMENTS = YES;
				CLANG_WARN_EMPTY_BODY = YES;
				CLANG_WARN_ENUM_CONVERSION = YES;
				CLANG_WARN_INFINITE_RECURSION = YES;
				CLANG_WARN_INT_CONVERSION = YES;
				CLANG_WARN_NON_LITERAL_NULL_CONVERSION = YES;
				CLANG_WARN_OBJC_LITERAL_CONVERSION = YES;
				CLANG_WARN_OBJC_ROOT_CLASS = YES_ERROR;
				CLANG_WARN_RANGE_LOOP_ANALYSIS = YES;
				CLANG_WARN_STRICT_PROTOTYPES = YES;
				CLANG_WARN_SUSPICIOUS_MOVE = YES;
				CLANG_WARN_UNGUARDED_AVAILABILITY = YES_AGGRESSIVE;
				CLANG_WARN_UNREACHABLE_CODE = YES;
				CLANG_WARN__DUPLICATE_METHOD_MATCH = YES;
				CODE_SIGN_IDENTITY = "iPhone Developer";
				COPY_PHASE_STRIP = NO;
				DEBUG_INFORMATION_FORMAT = "dwarf-with-dsym";
				ENABLE_NS_ASSERTIONS = NO;
				ENABLE_STRICT_OBJC_MSGSEND = YES;
				GCC_C_LANGUAGE_STANDARD = gnu11;
				GCC_NO_COMMON_BLOCKS = YES;
				GCC_WARN_64_TO_32_BIT_CONVERSION = YES;
				GCC_WARN_ABOUT_RETURN_TYPE = YES_ERROR;
				GCC_WARN_UNDECLARED_SELECTOR = YES;
				GCC_WARN_UNINITIALIZED_AUTOS = YES_AGGRESSIVE;
				GCC_WARN_UNUSED_FUNCTION = YES;
				GCC_WARN_UNUSED_VARIABLE = YES;
				IPHONEOS_DEPLOYMENT_TARGET = 11.1;
				MTL_ENABLE_DEBUG_INFO = NO;
				SDKROOT = iphoneos;
				SWIFT_OPTIMIZATION_LEVEL = "-Owholemodule";
				VALIDATE_PRODUCT = YES;
			};
			name = Release;
		};
		CEFEC6721FDE41040019DDF2 /* Debug */ = {
			isa = XCBuildConfiguration;
			baseConfigurationReference = 777ABAD1853E6877D96ED6DF /* Pods-OSC-Swift.debug.xcconfig */;
			buildSettings = {
				ASSETCATALOG_COMPILER_APPICON_NAME = AppIcon;
				CODE_SIGN_STYLE = Automatic;
				DEVELOPMENT_TEAM = JNX4FUEZB7;
				INFOPLIST_FILE = "OSC-Swift/Info.plist";
				LD_RUNPATH_SEARCH_PATHS = "$(inherited) @executable_path/Frameworks";
				PRODUCT_BUNDLE_IDENTIFIER = "cn.net.emotion.OSC-Swift";
				PRODUCT_NAME = "$(TARGET_NAME)";
				SWIFT_VERSION = 4.0;
				TARGETED_DEVICE_FAMILY = "1,2";
			};
			name = Debug;
		};
		CEFEC6731FDE41040019DDF2 /* Release */ = {
			isa = XCBuildConfiguration;
			baseConfigurationReference = B87EE4758EFCCC549C436E11 /* Pods-OSC-Swift.release.xcconfig */;
			buildSettings = {
				ASSETCATALOG_COMPILER_APPICON_NAME = AppIcon;
				CODE_SIGN_STYLE = Automatic;
				DEVELOPMENT_TEAM = JNX4FUEZB7;
				INFOPLIST_FILE = "OSC-Swift/Info.plist";
				LD_RUNPATH_SEARCH_PATHS = "$(inherited) @executable_path/Frameworks";
				PRODUCT_BUNDLE_IDENTIFIER = "cn.net.emotion.OSC-Swift";
				PRODUCT_NAME = "$(TARGET_NAME)";
				SWIFT_VERSION = 4.0;
				TARGETED_DEVICE_FAMILY = "1,2";
			};
			name = Release;
		};
		CEFEC6751FDE41040019DDF2 /* Debug */ = {
			isa = XCBuildConfiguration;
			buildSettings = {
				ALWAYS_EMBED_SWIFT_STANDARD_LIBRARIES = YES;
				BUNDLE_LOADER = "$(TEST_HOST)";
				CODE_SIGN_STYLE = Automatic;
				DEVELOPMENT_TEAM = JNX4FUEZB7;
				INFOPLIST_FILE = "OSC-SwiftTests/Info.plist";
				LD_RUNPATH_SEARCH_PATHS = "$(inherited) @executable_path/Frameworks @loader_path/Frameworks";
				PRODUCT_BUNDLE_IDENTIFIER = "cn.net.emotion.OSC-SwiftTests";
				PRODUCT_NAME = "$(TARGET_NAME)";
				SWIFT_VERSION = 4.0;
				TARGETED_DEVICE_FAMILY = "1,2";
				TEST_HOST = "$(BUILT_PRODUCTS_DIR)/OSC-Swift.app/OSC-Swift";
			};
			name = Debug;
		};
		CEFEC6761FDE41040019DDF2 /* Release */ = {
			isa = XCBuildConfiguration;
			buildSettings = {
				ALWAYS_EMBED_SWIFT_STANDARD_LIBRARIES = YES;
				BUNDLE_LOADER = "$(TEST_HOST)";
				CODE_SIGN_STYLE = Automatic;
				DEVELOPMENT_TEAM = JNX4FUEZB7;
				INFOPLIST_FILE = "OSC-SwiftTests/Info.plist";
				LD_RUNPATH_SEARCH_PATHS = "$(inherited) @executable_path/Frameworks @loader_path/Frameworks";
				PRODUCT_BUNDLE_IDENTIFIER = "cn.net.emotion.OSC-SwiftTests";
				PRODUCT_NAME = "$(TARGET_NAME)";
				SWIFT_VERSION = 4.0;
				TARGETED_DEVICE_FAMILY = "1,2";
				TEST_HOST = "$(BUILT_PRODUCTS_DIR)/OSC-Swift.app/OSC-Swift";
			};
			name = Release;
		};
		CEFEC6781FDE41040019DDF2 /* Debug */ = {
			isa = XCBuildConfiguration;
			buildSettings = {
				ALWAYS_EMBED_SWIFT_STANDARD_LIBRARIES = YES;
				CODE_SIGN_STYLE = Automatic;
				DEVELOPMENT_TEAM = JNX4FUEZB7;
				INFOPLIST_FILE = "OSC-SwiftUITests/Info.plist";
				LD_RUNPATH_SEARCH_PATHS = "$(inherited) @executable_path/Frameworks @loader_path/Frameworks";
				PRODUCT_BUNDLE_IDENTIFIER = "cn.net.emotion.OSC-SwiftUITests";
				PRODUCT_NAME = "$(TARGET_NAME)";
				SWIFT_VERSION = 4.0;
				TARGETED_DEVICE_FAMILY = "1,2";
				TEST_TARGET_NAME = "OSC-Swift";
			};
			name = Debug;
		};
		CEFEC6791FDE41040019DDF2 /* Release */ = {
			isa = XCBuildConfiguration;
			buildSettings = {
				ALWAYS_EMBED_SWIFT_STANDARD_LIBRARIES = YES;
				CODE_SIGN_STYLE = Automatic;
				DEVELOPMENT_TEAM = JNX4FUEZB7;
				INFOPLIST_FILE = "OSC-SwiftUITests/Info.plist";
				LD_RUNPATH_SEARCH_PATHS = "$(inherited) @executable_path/Frameworks @loader_path/Frameworks";
				PRODUCT_BUNDLE_IDENTIFIER = "cn.net.emotion.OSC-SwiftUITests";
				PRODUCT_NAME = "$(TARGET_NAME)";
				SWIFT_VERSION = 4.0;
				TARGETED_DEVICE_FAMILY = "1,2";
				TEST_TARGET_NAME = "OSC-Swift";
			};
			name = Release;
		};
/* End XCBuildConfiguration section */

/* Begin XCConfigurationList section */
		CEFEC6441FDE41030019DDF2 /* Build configuration list for PBXProject "OSC-Swift" */ = {
			isa = XCConfigurationList;
			buildConfigurations = (
				CEFEC66F1FDE41040019DDF2 /* Debug */,
				CEFEC6701FDE41040019DDF2 /* Release */,
			);
			defaultConfigurationIsVisible = 0;
			defaultConfigurationName = Release;
		};
		CEFEC6711FDE41040019DDF2 /* Build configuration list for PBXNativeTarget "OSC-Swift" */ = {
			isa = XCConfigurationList;
			buildConfigurations = (
				CEFEC6721FDE41040019DDF2 /* Debug */,
				CEFEC6731FDE41040019DDF2 /* Release */,
			);
			defaultConfigurationIsVisible = 0;
			defaultConfigurationName = Release;
		};
		CEFEC6741FDE41040019DDF2 /* Build configuration list for PBXNativeTarget "OSC-SwiftTests" */ = {
			isa = XCConfigurationList;
			buildConfigurations = (
				CEFEC6751FDE41040019DDF2 /* Debug */,
				CEFEC6761FDE41040019DDF2 /* Release */,
			);
			defaultConfigurationIsVisible = 0;
			defaultConfigurationName = Release;
		};
		CEFEC6771FDE41040019DDF2 /* Build configuration list for PBXNativeTarget "OSC-SwiftUITests" */ = {
			isa = XCConfigurationList;
			buildConfigurations = (
				CEFEC6781FDE41040019DDF2 /* Debug */,
				CEFEC6791FDE41040019DDF2 /* Release */,
			);
			defaultConfigurationIsVisible = 0;
			defaultConfigurationName = Release;
		};
/* End XCConfigurationList section */
	};
	rootObject = CEFEC6411FDE41030019DDF2 /* Project object */;
}
