// !$*UTF8*$!
{
	archiveVersion = 1;
	classes = {
	};
	objectVersion = 48;
	objects = {

/* Begin PBXBuildFile section */
		6CE8B60625BC0FFE9142D6E9 /* Pods_OSC_Swift.framework in Frameworks */ = {isa = PBXBuildFile; fileRef = 0A7333335DB515DB0E1E4969 /* Pods_OSC_Swift.framework */; };
		CE1CE3F51FE4AD5A002B3A50 /* OSCNetImage.swift in Sources */ = {isa = PBXBuildFile; fileRef = CE1CE3F41FE4AD5A002B3A50 /* OSCNetImage.swift */; };
		CE1CE3F71FE4AD8A002B3A50 /* OSCStatistics.swift in Sources */ = {isa = PBXBuildFile; fileRef = CE1CE3F61FE4AD8A002B3A50 /* OSCStatistics.swift */; };
		CE1CE3F91FE4ADB8002B3A50 /* OSCAbout.swift in Sources */ = {isa = PBXBuildFile; fileRef = CE1CE3F81FE4ADB8002B3A50 /* OSCAbout.swift */; };
		CE1CE3FC1FE4AF5F002B3A50 /* OSCTweetItem.swift in Sources */ = {isa = PBXBuildFile; fileRef = CE1CE3FB1FE4AF5F002B3A50 /* OSCTweetItem.swift */; };
		CE1CE3FE1FE4AFC6002B3A50 /* OSCUserItem.swift in Sources */ = {isa = PBXBuildFile; fileRef = CE1CE3FD1FE4AFC6002B3A50 /* OSCUserItem.swift */; };
		CE1CE4001FE4BD86002B3A50 /* subMenuItems.plist in Resources */ = {isa = PBXBuildFile; fileRef = CE1CE3FF1FE4BD86002B3A50 /* subMenuItems.plist */; };
		CE1CE4031FE55EAA002B3A50 /* NewsCell.swift in Sources */ = {isa = PBXBuildFile; fileRef = CE1CE4021FE55EAA002B3A50 /* NewsCell.swift */; };
		CE2BF0DF1FE106D200528BA6 /* OptionButton.swift in Sources */ = {isa = PBXBuildFile; fileRef = CE2BF0DE1FE106D200528BA6 /* OptionButton.swift */; };
		CE2BF0E11FE10CD800528BA6 /* UIColor+ext.swift in Sources */ = {isa = PBXBuildFile; fileRef = CE2BF0E01FE10CD800528BA6 /* UIColor+ext.swift */; };
		CE2BF0E61FE1189700528BA6 /* TweetEditingVC.swift in Sources */ = {isa = PBXBuildFile; fileRef = CE2BF0E51FE1189700528BA6 /* TweetEditingVC.swift */; };
		CE2BF0E81FE1686700528BA6 /* VoiceTweetEditingVC.swift in Sources */ = {isa = PBXBuildFile; fileRef = CE2BF0E71FE1686700528BA6 /* VoiceTweetEditingVC.swift */; };
		CE2BF0EB1FE1693700528BA6 /* ScanViewController.swift in Sources */ = {isa = PBXBuildFile; fileRef = CE2BF0EA1FE1693700528BA6 /* ScanViewController.swift */; };
		CE2BF0EF1FE17A5C00528BA6 /* Utils.swift in Sources */ = {isa = PBXBuildFile; fileRef = CE2BF0EE1FE17A5C00528BA6 /* Utils.swift */; };
		CE48FC9F1FDF580D00366E4F /* LoginViewController.swift in Sources */ = {isa = PBXBuildFile; fileRef = CE48FC9E1FDF580D00366E4F /* LoginViewController.swift */; };
		CE48FCA11FDF582900366E4F /* FoundPWViewController.swift in Sources */ = {isa = PBXBuildFile; fileRef = CE48FCA01FDF582900366E4F /* FoundPWViewController.swift */; };
		CE48FCA31FDF586B00366E4F /* RegisterInfoViewController.swift in Sources */ = {isa = PBXBuildFile; fileRef = CE48FCA21FDF586B00366E4F /* RegisterInfoViewController.swift */; };
		CE48FCA51FDF588400366E4F /* ResetPWViewController.swift in Sources */ = {isa = PBXBuildFile; fileRef = CE48FCA41FDF588400366E4F /* ResetPWViewController.swift */; };
		CE48FCA71FDF58C100366E4F /* RegisterViewController.swift in Sources */ = {isa = PBXBuildFile; fileRef = CE48FCA61FDF58C100366E4F /* RegisterViewController.swift */; };
		CE52B5DD1FE379B500A3E792 /* enumList.swift in Sources */ = {isa = PBXBuildFile; fileRef = CE52B5DC1FE379B500A3E792 /* enumList.swift */; };
		CE52B5DF1FE3ACAD00A3E792 /* OSCAPI.swift in Sources */ = {isa = PBXBuildFile; fileRef = CE52B5DE1FE3ACAD00A3E792 /* OSCAPI.swift */; };
		CE52B5E21FE3B3AD00A3E792 /* osc-token-config.swift in Sources */ = {isa = PBXBuildFile; fileRef = CE52B5E11FE3B3AD00A3E792 /* osc-token-config.swift */; };
		CE52B5E51FE3C32E00A3E792 /* OSCBanner.swift in Sources */ = {isa = PBXBuildFile; fileRef = CE52B5E41FE3C32E00A3E792 /* OSCBanner.swift */; };
		CE52B5E71FE3C74900A3E792 /* OSCExtra.swift in Sources */ = {isa = PBXBuildFile; fileRef = CE52B5E61FE3C74900A3E792 /* OSCExtra.swift */; };
		CE6098FC1FEC8DC70023B6A5 /* MenuPropertyTopView.swift in Sources */ = {isa = PBXBuildFile; fileRef = CE6098FB1FEC8DC70023B6A5 /* MenuPropertyTopView.swift */; };
		CE6099001FEC9C000023B6A5 /* Constants.swift in Sources */ = {isa = PBXBuildFile; fileRef = CE6098FF1FEC9C000023B6A5 /* Constants.swift */; };
		CE6522D71FE62DB2000A98D2 /* README.md in Resources */ = {isa = PBXBuildFile; fileRef = CE6522D61FE62DB2000A98D2 /* README.md */; };
		CE6B24E71FE0D2BE00659156 /* DiscoverViewController.swift in Sources */ = {isa = PBXBuildFile; fileRef = CE6B24E61FE0D2BE00659156 /* DiscoverViewController.swift */; };
		CE6B24E91FE0D2FE00659156 /* HomepageViewController.swift in Sources */ = {isa = PBXBuildFile; fileRef = CE6B24E81FE0D2FE00659156 /* HomepageViewController.swift */; };
		CE6B24ED1FE0E13F00659156 /* Login.storyboard in Resources */ = {isa = PBXBuildFile; fileRef = CE6B24EC1FE0E13F00659156 /* Login.storyboard */; };
		CE87EBA91FF754D400187F28 /* BlogCell.swift in Sources */ = {isa = PBXBuildFile; fileRef = CE87EBA81FF754D400187F28 /* BlogCell.swift */; };
		CE87EBAB1FF7550A00187F28 /* QuesAnsCell.swift in Sources */ = {isa = PBXBuildFile; fileRef = CE87EBAA1FF7550A00187F28 /* QuesAnsCell.swift */; };
		CE87EBAE1FF7556800187F28 /* ActivityCell.swift in Sources */ = {isa = PBXBuildFile; fileRef = CE87EBAD1FF7556800187F28 /* ActivityCell.swift */; };
		CE87EBB11FF78A4700187F28 /* Client.swift in Sources */ = {isa = PBXBuildFile; fileRef = CE87EBB01FF78A4700187F28 /* Client.swift */; };
		CE9BDDBC1FF907690022E609 /* NewsCell.xib in Resources */ = {isa = PBXBuildFile; fileRef = CE9BDDBB1FF907690022E609 /* NewsCell.xib */; };
		CEA24D301FE76372000BAA76 /* pulltorefresharrow.png in Resources */ = {isa = PBXBuildFile; fileRef = CEA24D2C1FE76370000BAA76 /* pulltorefresharrow.png */; };
		CEA24D311FE76372000BAA76 /* PullToRefreshOption.swift in Sources */ = {isa = PBXBuildFile; fileRef = CEA24D2D1FE76371000BAA76 /* PullToRefreshOption.swift */; };
		CEA24D321FE76372000BAA76 /* PullToRefreshView.swift in Sources */ = {isa = PBXBuildFile; fileRef = CEA24D2E1FE76371000BAA76 /* PullToRefreshView.swift */; };
		CEA24D331FE76372000BAA76 /* UIScrollViewExtension.swift in Sources */ = {isa = PBXBuildFile; fileRef = CEA24D2F1FE76371000BAA76 /* UIScrollViewExtension.swift */; };
		CEA24E3F1FE8F10D000BAA76 /* OSCObjsViewController.swift in Sources */ = {isa = PBXBuildFile; fileRef = CEA24E3E1FE8F10D000BAA76 /* OSCObjsViewController.swift */; };
		CEA24E4E1FE9413D000BAA76 /* Alamofire+xml.swift in Sources */ = {isa = PBXBuildFile; fileRef = CEA24E4D1FE9413C000BAA76 /* Alamofire+xml.swift */; };
		CEA24E501FE94E86000BAA76 /* OSCParseable.swift in Sources */ = {isa = PBXBuildFile; fileRef = CEA24E4F1FE94E86000BAA76 /* OSCParseable.swift */; };
		CEAFBEA01FEFF12A00BA8DCB /* Alamofire+SwiftyJSON.swift in Sources */ = {isa = PBXBuildFile; fileRef = CEAFBE9E1FEFF12900BA8DCB /* Alamofire+SwiftyJSON.swift */; };
		CEAFBEA11FEFF12A00BA8DCB /* Alamofire+ObjectMapper.swift in Sources */ = {isa = PBXBuildFile; fileRef = CEAFBE9F1FEFF12A00BA8DCB /* Alamofire+ObjectMapper.swift */; };
		CEC518C61FE226BC009A7CF2 /* MenuBar.swift in Sources */ = {isa = PBXBuildFile; fileRef = CEC518C51FE226BC009A7CF2 /* MenuBar.swift */; };
		CEC518C81FE227A3009A7CF2 /* TitleBarView.swift in Sources */ = {isa = PBXBuildFile; fileRef = CEC518C71FE227A3009A7CF2 /* TitleBarView.swift */; };
		CEC518CA1FE228D3009A7CF2 /* MenuPropertyCollection.swift in Sources */ = {isa = PBXBuildFile; fileRef = CEC518C91FE228D3009A7CF2 /* MenuPropertyCollection.swift */; };
		CEC518CD1FE22C5D009A7CF2 /* MenuPageCollection.swift in Sources */ = {isa = PBXBuildFile; fileRef = CEC518CC1FE22C5D009A7CF2 /* MenuPageCollection.swift */; };
		CEC518DA1FE2434C009A7CF2 /* OSCListItem.swift in Sources */ = {isa = PBXBuildFile; fileRef = CEC518D91FE2434C009A7CF2 /* OSCListItem.swift */; };
		CEC518DC1FE24359009A7CF2 /* OSCMenuItem.swift in Sources */ = {isa = PBXBuildFile; fileRef = CEC518DB1FE24359009A7CF2 /* OSCMenuItem.swift */; };
		CEC518DE1FE243F3009A7CF2 /* MenuPageCell.swift in Sources */ = {isa = PBXBuildFile; fileRef = CEC518DD1FE243F3009A7CF2 /* MenuPageCell.swift */; };
		CEC518E01FE24413009A7CF2 /* MenuPropertyCell.swift in Sources */ = {isa = PBXBuildFile; fileRef = CEC518DF1FE24413009A7CF2 /* MenuPropertyCell.swift */; };
		CEC518E91FE244CF009A7CF2 /* BottomBarViewController.swift in Sources */ = {isa = PBXBuildFile; fileRef = CEC518E81FE244CF009A7CF2 /* BottomBarViewController.swift */; };
		CEC518EB1FE244DE009A7CF2 /* DetailsViewController.swift in Sources */ = {isa = PBXBuildFile; fileRef = CEC518EA1FE244DE009A7CF2 /* DetailsViewController.swift */; };
		CEC518EE1FE247C3009A7CF2 /* SearchResultCells.swift in Sources */ = {isa = PBXBuildFile; fileRef = CEC518ED1FE247C3009A7CF2 /* SearchResultCells.swift */; };
		CEC518F01FE247CF009A7CF2 /* SearchResultController.swift in Sources */ = {isa = PBXBuildFile; fileRef = CEC518EF1FE247CF009A7CF2 /* SearchResultController.swift */; };
		CEC518F31FE24906009A7CF2 /* HorizontalController.swift in Sources */ = {isa = PBXBuildFile; fileRef = CEC518F21FE24906009A7CF2 /* HorizontalController.swift */; };
		CEC518F51FE2493F009A7CF2 /* SwipableViewController.swift in Sources */ = {isa = PBXBuildFile; fileRef = CEC518F41FE2493F009A7CF2 /* SwipableViewController.swift */; };
		CEC518F91FE24A54009A7CF2 /* README.md in Resources */ = {isa = PBXBuildFile; fileRef = CEC518F81FE24A54009A7CF2 /* README.md */; };
		CEC518FB1FE24A7C009A7CF2 /* OSCPhotoGroupView.swift in Sources */ = {isa = PBXBuildFile; fileRef = CEC518FA1FE24A7C009A7CF2 /* OSCPhotoGroupView.swift */; };
		CECAD87D1FE0C585008EE696 /* OSCSearchViewController.swift in Sources */ = {isa = PBXBuildFile; fileRef = CECAD87C1FE0C585008EE696 /* OSCSearchViewController.swift */; };
		CECAD87F1FE0C963008EE696 /* Discover.storyboard in Resources */ = {isa = PBXBuildFile; fileRef = CECAD87E1FE0C963008EE696 /* Discover.storyboard */; };
		CECAD8811FE0C981008EE696 /* Homepage.storyboard in Resources */ = {isa = PBXBuildFile; fileRef = CECAD8801FE0C980008EE696 /* Homepage.storyboard */; };
		CECAD8831FE0C9AC008EE696 /* MenuContainerController.swift in Sources */ = {isa = PBXBuildFile; fileRef = CECAD8821FE0C9AC008EE696 /* MenuContainerController.swift */; };
		CECAD8851FE0CAA2008EE696 /* OSCTweetsController.swift in Sources */ = {isa = PBXBuildFile; fileRef = CECAD8841FE0CAA2008EE696 /* OSCTweetsController.swift */; };
		CECBB5DD1FEB4BA4005E87AA /* BannerScrollView.swift in Sources */ = {isa = PBXBuildFile; fileRef = CECBB5DC1FEB4BA4005E87AA /* BannerScrollView.swift */; };
		CECBB5E01FEB4D5B005E87AA /* ActivityHeadView.swift in Sources */ = {isa = PBXBuildFile; fileRef = CECBB5DF1FEB4D5B005E87AA /* ActivityHeadView.swift */; };
		CECBB5E21FEB54BA005E87AA /* UsualTableViewCell.swift in Sources */ = {isa = PBXBuildFile; fileRef = CECBB5E11FEB54BA005E87AA /* UsualTableViewCell.swift */; };
		CECBB5E41FEB6789005E87AA /* UIView+ext.swift in Sources */ = {isa = PBXBuildFile; fileRef = CECBB5E31FEB6789005E87AA /* UIView+ext.swift */; };
		CECBB5EA1FEB6C1F005E87AA /* OSCActivityTableViewCell.swift in Sources */ = {isa = PBXBuildFile; fileRef = CECBB5E91FEB6C1F005E87AA /* OSCActivityTableViewCell.swift */; };
		CECBB5EC1FEB7407005E87AA /* OSCPushTypeControllerHelper.swift in Sources */ = {isa = PBXBuildFile; fileRef = CECBB5EB1FEB7407005E87AA /* OSCPushTypeControllerHelper.swift */; };
		CED2BCDE1FF8E5E500BE89F6 /* test.json in Resources */ = {isa = PBXBuildFile; fileRef = CED2BCDD1FF8E5E500BE89F6 /* test.json */; };
		CEFEC64D1FDE41030019DDF2 /* AppDelegate.swift in Sources */ = {isa = PBXBuildFile; fileRef = CEFEC64C1FDE41030019DDF2 /* AppDelegate.swift */; };
		CEFEC6521FDE41030019DDF2 /* Main.storyboard in Resources */ = {isa = PBXBuildFile; fileRef = CEFEC6501FDE41030019DDF2 /* Main.storyboard */; };
		CEFEC6541FDE41030019DDF2 /* Assets.xcassets in Resources */ = {isa = PBXBuildFile; fileRef = CEFEC6531FDE41030019DDF2 /* Assets.xcassets */; };
		CEFEC6571FDE41030019DDF2 /* LaunchScreen.storyboard in Resources */ = {isa = PBXBuildFile; fileRef = CEFEC6551FDE41030019DDF2 /* LaunchScreen.storyboard */; };
		CEFEC6621FDE41040019DDF2 /* OSC_SwiftTests.swift in Sources */ = {isa = PBXBuildFile; fileRef = CEFEC6611FDE41040019DDF2 /* OSC_SwiftTests.swift */; };
		CEFEC66D1FDE41040019DDF2 /* OSC_SwiftUITests.swift in Sources */ = {isa = PBXBuildFile; fileRef = CEFEC66C1FDE41040019DDF2 /* OSC_SwiftUITests.swift */; };
		CEFEC6A31FDE44580019DDF2 /* format.html in Resources */ = {isa = PBXBuildFile; fileRef = CEFEC6801FDE44560019DDF2 /* format.html */; };
		CEFEC6A41FDE44580019DDF2 /* shake.mp3 in Resources */ = {isa = PBXBuildFile; fileRef = CEFEC6811FDE44570019DDF2 /* shake.mp3 */; };
		CEFEC6A51FDE44580019DDF2 /* activity.html in Resources */ = {isa = PBXBuildFile; fileRef = CEFEC6831FDE44570019DDF2 /* activity.html */; };
		CEFEC6A61FDE44580019DDF2 /* newTweet.html in Resources */ = {isa = PBXBuildFile; fileRef = CEFEC6841FDE44570019DDF2 /* newTweet.html */; };
		CEFEC6A71FDE44580019DDF2 /* blog.html in Resources */ = {isa = PBXBuildFile; fileRef = CEFEC6851FDE44570019DDF2 /* blog.html */; };
		CEFEC6A81FDE44580019DDF2 /* software.html in Resources */ = {isa = PBXBuildFile; fileRef = CEFEC6861FDE44570019DDF2 /* software.html */; };
		CEFEC6A91FDE44580019DDF2 /* base.mustache in Resources */ = {isa = PBXBuildFile; fileRef = CEFEC6871FDE44570019DDF2 /* base.mustache */; };
		CEFEC6AA1FDE44580019DDF2 /* article.html in Resources */ = {isa = PBXBuildFile; fileRef = CEFEC6881FDE44570019DDF2 /* article.html */; };
		CEFEC6AB1FDE44580019DDF2 /* blog.mustache in Resources */ = {isa = PBXBuildFile; fileRef = CEFEC6891FDE44570019DDF2 /* blog.mustache */; };
		CEFEC6AC1FDE44580019DDF2 /* git_project.mustache in Resources */ = {isa = PBXBuildFile; fileRef = CEFEC68A1FDE44570019DDF2 /* git_project.mustache */; };
		CEFEC6AD1FDE44580019DDF2 /* newTweet.mustache in Resources */ = {isa = PBXBuildFile; fileRef = CEFEC68B1FDE44570019DDF2 /* newTweet.mustache */; };
		CEFEC6AE1FDE44580019DDF2 /* git_project.html in Resources */ = {isa = PBXBuildFile; fileRef = CEFEC68C1FDE44570019DDF2 /* git_project.html */; };
		CEFEC6AF1FDE44580019DDF2 /* tweet.html in Resources */ = {isa = PBXBuildFile; fileRef = CEFEC68D1FDE44570019DDF2 /* tweet.html */; };
		CEFEC6B01FDE44580019DDF2 /* OSLicense.html in Resources */ = {isa = PBXBuildFile; fileRef = CEFEC68E1FDE44570019DDF2 /* OSLicense.html */; };
		CEFEC6B11FDE44580019DDF2 /* FontAwesome.ttf in Resources */ = {isa = PBXBuildFile; fileRef = CEFEC68F1FDE44570019DDF2 /* FontAwesome.ttf */; };
		CEFEC6B21FDE44580019DDF2 /* recommend_tag.png in Resources */ = {isa = PBXBuildFile; fileRef = CEFEC6901FDE44570019DDF2 /* recommend_tag.png */; };
		CEFEC6B31FDE44580019DDF2 /* note.png in Resources */ = {isa = PBXBuildFile; fileRef = CEFEC6921FDE44570019DDF2 /* note.png */; };
		CEFEC6B41FDE44580019DDF2 /* shooting.png in Resources */ = {isa = PBXBuildFile; fileRef = CEFEC6931FDE44570019DDF2 /* shooting.png */; };
		CEFEC6B51FDE44580019DDF2 /* sound.png in Resources */ = {isa = PBXBuildFile; fileRef = CEFEC6941FDE44570019DDF2 /* sound.png */; };
		CEFEC6B61FDE44580019DDF2 /* search.png in Resources */ = {isa = PBXBuildFile; fileRef = CEFEC6951FDE44570019DDF2 /* search.png */; };
		CEFEC6B71FDE44580019DDF2 /* tweetEditing.png in Resources */ = {isa = PBXBuildFile; fileRef = CEFEC6961FDE44570019DDF2 /* tweetEditing.png */; };
		CEFEC6B81FDE44580019DDF2 /* picture.png in Resources */ = {isa = PBXBuildFile; fileRef = CEFEC6971FDE44570019DDF2 /* picture.png */; };
		CEFEC6B91FDE44580019DDF2 /* scan.png in Resources */ = {isa = PBXBuildFile; fileRef = CEFEC6981FDE44570019DDF2 /* scan.png */; };
		CEFEC6BA1FDE44580019DDF2 /* jquery.js in Resources */ = {isa = PBXBuildFile; fileRef = CEFEC6991FDE44570019DDF2 /* jquery.js */; };
		CEFEC6BB1FDE44580019DDF2 /* code.html in Resources */ = {isa = PBXBuildFile; fileRef = CEFEC69A1FDE44570019DDF2 /* code.html */; };
		CEFEC6BC1FDE44580019DDF2 /* github.css in Resources */ = {isa = PBXBuildFile; fileRef = CEFEC69B1FDE44570019DDF2 /* github.css */; };
		CEFEC6BD1FDE44580019DDF2 /* highlight.pack.js in Resources */ = {isa = PBXBuildFile; fileRef = CEFEC69C1FDE44570019DDF2 /* highlight.pack.js */; };
		CEFEC6BE1FDE44580019DDF2 /* code.css in Resources */ = {isa = PBXBuildFile; fileRef = CEFEC69D1FDE44570019DDF2 /* code.css */; };
		CEFEC6BF1FDE44580019DDF2 /* git_project.css in Resources */ = {isa = PBXBuildFile; fileRef = CEFEC69F1FDE44570019DDF2 /* git_project.css */; };
		CEFEC6C01FDE44580019DDF2 /* detail.css in Resources */ = {isa = PBXBuildFile; fileRef = CEFEC6A01FDE44570019DDF2 /* detail.css */; };
		CEFEC6C11FDE44580019DDF2 /* blog.css in Resources */ = {isa = PBXBuildFile; fileRef = CEFEC6A11FDE44570019DDF2 /* blog.css */; };
		CEFEC6C21FDE44580019DDF2 /* base.html in Resources */ = {isa = PBXBuildFile; fileRef = CEFEC6A21FDE44580019DDF2 /* base.html */; };
		CEFEC6C81FDE5BC40019DDF2 /* R.generated.swift in Sources */ = {isa = PBXBuildFile; fileRef = CEFEC6C71FDE5BC40019DDF2 /* R.generated.swift */; };
		CEFEC6CA1FDE720B0019DDF2 /* OSCTabBarController.swift in Sources */ = {isa = PBXBuildFile; fileRef = CEFEC6C91FDE720B0019DDF2 /* OSCTabBarController.swift */; };
		CEFEC6CD1FDEBFFC0019DDF2 /* Config.swift in Sources */ = {isa = PBXBuildFile; fileRef = CEFEC6CC1FDEBFFC0019DDF2 /* Config.swift */; };
/* End PBXBuildFile section */

/* Begin PBXContainerItemProxy section */
		CEFEC65E1FDE41040019DDF2 /* PBXContainerItemProxy */ = {
			isa = PBXContainerItemProxy;
			containerPortal = CEFEC6411FDE41030019DDF2 /* Project object */;
			proxyType = 1;
			remoteGlobalIDString = CEFEC6481FDE41030019DDF2;
			remoteInfo = "OSC-Swift";
		};
		CEFEC6691FDE41040019DDF2 /* PBXContainerItemProxy */ = {
			isa = PBXContainerItemProxy;
			containerPortal = CEFEC6411FDE41030019DDF2 /* Project object */;
			proxyType = 1;
			remoteGlobalIDString = CEFEC6481FDE41030019DDF2;
			remoteInfo = "OSC-Swift";
		};
/* End PBXContainerItemProxy section */

/* Begin PBXFileReference section */
		0A7333335DB515DB0E1E4969 /* Pods_OSC_Swift.framework */ = {isa = PBXFileReference; explicitFileType = wrapper.framework; includeInIndex = 0; path = Pods_OSC_Swift.framework; sourceTree = BUILT_PRODUCTS_DIR; };
		777ABAD1853E6877D96ED6DF /* Pods-OSC-Swift.debug.xcconfig */ = {isa = PBXFileReference; includeInIndex = 1; lastKnownFileType = text.xcconfig; name = "Pods-OSC-Swift.debug.xcconfig"; path = "Pods/Target Support Files/Pods-OSC-Swift/Pods-OSC-Swift.debug.xcconfig"; sourceTree = "<group>"; };
		B87EE4758EFCCC549C436E11 /* Pods-OSC-Swift.release.xcconfig */ = {isa = PBXFileReference; includeInIndex = 1; lastKnownFileType = text.xcconfig; name = "Pods-OSC-Swift.release.xcconfig"; path = "Pods/Target Support Files/Pods-OSC-Swift/Pods-OSC-Swift.release.xcconfig"; sourceTree = "<group>"; };
		CE1CE3F41FE4AD5A002B3A50 /* OSCNetImage.swift */ = {isa = PBXFileReference; lastKnownFileType = sourcecode.swift; path = OSCNetImage.swift; sourceTree = "<group>"; };
		CE1CE3F61FE4AD8A002B3A50 /* OSCStatistics.swift */ = {isa = PBXFileReference; lastKnownFileType = sourcecode.swift; path = OSCStatistics.swift; sourceTree = "<group>"; };
		CE1CE3F81FE4ADB8002B3A50 /* OSCAbout.swift */ = {isa = PBXFileReference; lastKnownFileType = sourcecode.swift; path = OSCAbout.swift; sourceTree = "<group>"; };
		CE1CE3FB1FE4AF5F002B3A50 /* OSCTweetItem.swift */ = {isa = PBXFileReference; lastKnownFileType = sourcecode.swift; path = OSCTweetItem.swift; sourceTree = "<group>"; };
		CE1CE3FD1FE4AFC6002B3A50 /* OSCUserItem.swift */ = {isa = PBXFileReference; lastKnownFileType = sourcecode.swift; path = OSCUserItem.swift; sourceTree = "<group>"; };
		CE1CE3FF1FE4BD86002B3A50 /* subMenuItems.plist */ = {isa = PBXFileReference; fileEncoding = 4; lastKnownFileType = text.plist.xml; path = subMenuItems.plist; sourceTree = "<group>"; };
		CE1CE4021FE55EAA002B3A50 /* NewsCell.swift */ = {isa = PBXFileReference; lastKnownFileType = sourcecode.swift; path = NewsCell.swift; sourceTree = "<group>"; };
		CE2BF0DE1FE106D200528BA6 /* OptionButton.swift */ = {isa = PBXFileReference; lastKnownFileType = sourcecode.swift; path = OptionButton.swift; sourceTree = "<group>"; };
		CE2BF0E01FE10CD800528BA6 /* UIColor+ext.swift */ = {isa = PBXFileReference; lastKnownFileType = sourcecode.swift; path = "UIColor+ext.swift"; sourceTree = "<group>"; };
		CE2BF0E51FE1189700528BA6 /* TweetEditingVC.swift */ = {isa = PBXFileReference; lastKnownFileType = sourcecode.swift; path = TweetEditingVC.swift; sourceTree = "<group>"; };
		CE2BF0E71FE1686700528BA6 /* VoiceTweetEditingVC.swift */ = {isa = PBXFileReference; lastKnownFileType = sourcecode.swift; path = VoiceTweetEditingVC.swift; sourceTree = "<group>"; };
		CE2BF0EA1FE1693700528BA6 /* ScanViewController.swift */ = {isa = PBXFileReference; lastKnownFileType = sourcecode.swift; path = ScanViewController.swift; sourceTree = "<group>"; };
		CE2BF0EE1FE17A5C00528BA6 /* Utils.swift */ = {isa = PBXFileReference; lastKnownFileType = sourcecode.swift; path = Utils.swift; sourceTree = "<group>"; };
		CE2BF0F01FE1FCAE00528BA6 /* bridge-header.h */ = {isa = PBXFileReference; lastKnownFileType = sourcecode.c.h; path = "bridge-header.h"; sourceTree = "<group>"; };
		CE48FC9E1FDF580D00366E4F /* LoginViewController.swift */ = {isa = PBXFileReference; lastKnownFileType = sourcecode.swift; path = LoginViewController.swift; sourceTree = "<group>"; };
		CE48FCA01FDF582900366E4F /* FoundPWViewController.swift */ = {isa = PBXFileReference; lastKnownFileType = sourcecode.swift; path = FoundPWViewController.swift; sourceTree = "<group>"; };
		CE48FCA21FDF586B00366E4F /* RegisterInfoViewController.swift */ = {isa = PBXFileReference; lastKnownFileType = sourcecode.swift; path = RegisterInfoViewController.swift; sourceTree = "<group>"; };
		CE48FCA41FDF588400366E4F /* ResetPWViewController.swift */ = {isa = PBXFileReference; lastKnownFileType = sourcecode.swift; path = ResetPWViewController.swift; sourceTree = "<group>"; };
		CE48FCA61FDF58C100366E4F /* RegisterViewController.swift */ = {isa = PBXFileReference; lastKnownFileType = sourcecode.swift; path = RegisterViewController.swift; sourceTree = "<group>"; };
		CE52B5DC1FE379B500A3E792 /* enumList.swift */ = {isa = PBXFileReference; lastKnownFileType = sourcecode.swift; path = enumList.swift; sourceTree = "<group>"; };
		CE52B5DE1FE3ACAD00A3E792 /* OSCAPI.swift */ = {isa = PBXFileReference; lastKnownFileType = sourcecode.swift; path = OSCAPI.swift; sourceTree = "<group>"; };
		CE52B5E11FE3B3AD00A3E792 /* osc-token-config.swift */ = {isa = PBXFileReference; lastKnownFileType = sourcecode.swift; path = "osc-token-config.swift"; sourceTree = "<group>"; };
		CE52B5E41FE3C32E00A3E792 /* OSCBanner.swift */ = {isa = PBXFileReference; lastKnownFileType = sourcecode.swift; path = OSCBanner.swift; sourceTree = "<group>"; };
		CE52B5E61FE3C74900A3E792 /* OSCExtra.swift */ = {isa = PBXFileReference; lastKnownFileType = sourcecode.swift; path = OSCExtra.swift; sourceTree = "<group>"; };
		CE6098FB1FEC8DC70023B6A5 /* MenuPropertyTopView.swift */ = {isa = PBXFileReference; lastKnownFileType = sourcecode.swift; path = MenuPropertyTopView.swift; sourceTree = "<group>"; };
		CE6098FF1FEC9C000023B6A5 /* Constants.swift */ = {isa = PBXFileReference; lastKnownFileType = sourcecode.swift; path = Constants.swift; sourceTree = "<group>"; };
		CE6522D61FE62DB2000A98D2 /* README.md */ = {isa = PBXFileReference; fileEncoding = 4; lastKnownFileType = net.daringfireball.markdown; path = README.md; sourceTree = "<group>"; };
		CE6B24E61FE0D2BE00659156 /* DiscoverViewController.swift */ = {isa = PBXFileReference; lastKnownFileType = sourcecode.swift; path = DiscoverViewController.swift; sourceTree = "<group>"; };
		CE6B24E81FE0D2FE00659156 /* HomepageViewController.swift */ = {isa = PBXFileReference; lastKnownFileType = sourcecode.swift; path = HomepageViewController.swift; sourceTree = "<group>"; };
		CE6B24EC1FE0E13F00659156 /* Login.storyboard */ = {isa = PBXFileReference; fileEncoding = 4; lastKnownFileType = file.storyboard; path = Login.storyboard; sourceTree = "<group>"; };
		CE87EBA81FF754D400187F28 /* BlogCell.swift */ = {isa = PBXFileReference; lastKnownFileType = sourcecode.swift; path = BlogCell.swift; sourceTree = "<group>"; };
		CE87EBAA1FF7550A00187F28 /* QuesAnsCell.swift */ = {isa = PBXFileReference; lastKnownFileType = sourcecode.swift; path = QuesAnsCell.swift; sourceTree = "<group>"; };
		CE87EBAD1FF7556800187F28 /* ActivityCell.swift */ = {isa = PBXFileReference; lastKnownFileType = sourcecode.swift; path = ActivityCell.swift; sourceTree = "<group>"; };
		CE87EBB01FF78A4700187F28 /* Client.swift */ = {isa = PBXFileReference; lastKnownFileType = sourcecode.swift; path = Client.swift; sourceTree = "<group>"; };
		CE9BDDBB1FF907690022E609 /* NewsCell.xib */ = {isa = PBXFileReference; fileEncoding = 4; lastKnownFileType = file.xib; path = NewsCell.xib; sourceTree = "<group>"; };
		CEA24D2B1FE762D8000BAA76 /* README.md */ = {isa = PBXFileReference; lastKnownFileType = net.daringfireball.markdown; path = README.md; sourceTree = "<group>"; };
		CEA24D2C1FE76370000BAA76 /* pulltorefresharrow.png */ = {isa = PBXFileReference; lastKnownFileType = image.png; path = pulltorefresharrow.png; sourceTree = "<group>"; };
		CEA24D2D1FE76371000BAA76 /* PullToRefreshOption.swift */ = {isa = PBXFileReference; fileEncoding = 4; lastKnownFileType = sourcecode.swift; path = PullToRefreshOption.swift; sourceTree = "<group>"; };
		CEA24D2E1FE76371000BAA76 /* PullToRefreshView.swift */ = {isa = PBXFileReference; fileEncoding = 4; lastKnownFileType = sourcecode.swift; path = PullToRefreshView.swift; sourceTree = "<group>"; };
		CEA24D2F1FE76371000BAA76 /* UIScrollViewExtension.swift */ = {isa = PBXFileReference; fileEncoding = 4; lastKnownFileType = sourcecode.swift; path = UIScrollViewExtension.swift; sourceTree = "<group>"; };
		CEA24E3E1FE8F10D000BAA76 /* OSCObjsViewController.swift */ = {isa = PBXFileReference; lastKnownFileType = sourcecode.swift; path = OSCObjsViewController.swift; sourceTree = "<group>"; };
		CEA24E4D1FE9413C000BAA76 /* Alamofire+xml.swift */ = {isa = PBXFileReference; fileEncoding = 4; lastKnownFileType = sourcecode.swift; path = "Alamofire+xml.swift"; sourceTree = "<group>"; };
		CEA24E4F1FE94E86000BAA76 /* OSCParseable.swift */ = {isa = PBXFileReference; lastKnownFileType = sourcecode.swift; path = OSCParseable.swift; sourceTree = "<group>"; };
		CEAFBE9E1FEFF12900BA8DCB /* Alamofire+SwiftyJSON.swift */ = {isa = PBXFileReference; fileEncoding = 4; lastKnownFileType = sourcecode.swift; path = "Alamofire+SwiftyJSON.swift"; sourceTree = "<group>"; };
		CEAFBE9F1FEFF12A00BA8DCB /* Alamofire+ObjectMapper.swift */ = {isa = PBXFileReference; fileEncoding = 4; lastKnownFileType = sourcecode.swift; path = "Alamofire+ObjectMapper.swift"; sourceTree = "<group>"; };
		CEC518C51FE226BC009A7CF2 /* MenuBar.swift */ = {isa = PBXFileReference; lastKnownFileType = sourcecode.swift; path = MenuBar.swift; sourceTree = "<group>"; };
		CEC518C71FE227A3009A7CF2 /* TitleBarView.swift */ = {isa = PBXFileReference; lastKnownFileType = sourcecode.swift; path = TitleBarView.swift; sourceTree = "<group>"; };
		CEC518C91FE228D3009A7CF2 /* MenuPropertyCollection.swift */ = {isa = PBXFileReference; lastKnownFileType = sourcecode.swift; path = MenuPropertyCollection.swift; sourceTree = "<group>"; };
		CEC518CC1FE22C5D009A7CF2 /* MenuPageCollection.swift */ = {isa = PBXFileReference; lastKnownFileType = sourcecode.swift; path = MenuPageCollection.swift; sourceTree = "<group>"; };
		CEC518D91FE2434C009A7CF2 /* OSCListItem.swift */ = {isa = PBXFileReference; lastKnownFileType = sourcecode.swift; path = OSCListItem.swift; sourceTree = "<group>"; };
		CEC518DB1FE24359009A7CF2 /* OSCMenuItem.swift */ = {isa = PBXFileReference; lastKnownFileType = sourcecode.swift; path = OSCMenuItem.swift; sourceTree = "<group>"; };
		CEC518DD1FE243F3009A7CF2 /* MenuPageCell.swift */ = {isa = PBXFileReference; lastKnownFileType = sourcecode.swift; path = MenuPageCell.swift; sourceTree = "<group>"; };
		CEC518DF1FE24413009A7CF2 /* MenuPropertyCell.swift */ = {isa = PBXFileReference; lastKnownFileType = sourcecode.swift; path = MenuPropertyCell.swift; sourceTree = "<group>"; };
		CEC518E81FE244CF009A7CF2 /* BottomBarViewController.swift */ = {isa = PBXFileReference; lastKnownFileType = sourcecode.swift; path = BottomBarViewController.swift; sourceTree = "<group>"; };
		CEC518EA1FE244DE009A7CF2 /* DetailsViewController.swift */ = {isa = PBXFileReference; lastKnownFileType = sourcecode.swift; path = DetailsViewController.swift; sourceTree = "<group>"; };
		CEC518ED1FE247C3009A7CF2 /* SearchResultCells.swift */ = {isa = PBXFileReference; lastKnownFileType = sourcecode.swift; path = SearchResultCells.swift; sourceTree = "<group>"; };
		CEC518EF1FE247CF009A7CF2 /* SearchResultController.swift */ = {isa = PBXFileReference; lastKnownFileType = sourcecode.swift; path = SearchResultController.swift; sourceTree = "<group>"; };
		CEC518F21FE24906009A7CF2 /* HorizontalController.swift */ = {isa = PBXFileReference; lastKnownFileType = sourcecode.swift; path = HorizontalController.swift; sourceTree = "<group>"; };
		CEC518F41FE2493F009A7CF2 /* SwipableViewController.swift */ = {isa = PBXFileReference; lastKnownFileType = sourcecode.swift; path = SwipableViewController.swift; sourceTree = "<group>"; };
		CEC518F81FE24A54009A7CF2 /* README.md */ = {isa = PBXFileReference; lastKnownFileType = net.daringfireball.markdown; path = README.md; sourceTree = "<group>"; };
		CEC518FA1FE24A7C009A7CF2 /* OSCPhotoGroupView.swift */ = {isa = PBXFileReference; lastKnownFileType = sourcecode.swift; path = OSCPhotoGroupView.swift; sourceTree = "<group>"; };
		CECAD87C1FE0C585008EE696 /* OSCSearchViewController.swift */ = {isa = PBXFileReference; lastKnownFileType = sourcecode.swift; path = OSCSearchViewController.swift; sourceTree = "<group>"; };
		CECAD87E1FE0C963008EE696 /* Discover.storyboard */ = {isa = PBXFileReference; fileEncoding = 4; lastKnownFileType = file.storyboard; path = Discover.storyboard; sourceTree = "<group>"; };
		CECAD8801FE0C980008EE696 /* Homepage.storyboard */ = {isa = PBXFileReference; fileEncoding = 4; lastKnownFileType = file.storyboard; path = Homepage.storyboard; sourceTree = "<group>"; };
		CECAD8821FE0C9AC008EE696 /* MenuContainerController.swift */ = {isa = PBXFileReference; lastKnownFileType = sourcecode.swift; path = MenuContainerController.swift; sourceTree = "<group>"; };
		CECAD8841FE0CAA2008EE696 /* OSCTweetsController.swift */ = {isa = PBXFileReference; lastKnownFileType = sourcecode.swift; path = OSCTweetsController.swift; sourceTree = "<group>"; };
		CECBB5DC1FEB4BA4005E87AA /* BannerScrollView.swift */ = {isa = PBXFileReference; lastKnownFileType = sourcecode.swift; path = BannerScrollView.swift; sourceTree = "<group>"; };
		CECBB5DF1FEB4D5B005E87AA /* ActivityHeadView.swift */ = {isa = PBXFileReference; lastKnownFileType = sourcecode.swift; path = ActivityHeadView.swift; sourceTree = "<group>"; };
		CECBB5E11FEB54BA005E87AA /* UsualTableViewCell.swift */ = {isa = PBXFileReference; lastKnownFileType = sourcecode.swift; path = UsualTableViewCell.swift; sourceTree = "<group>"; };
		CECBB5E31FEB6789005E87AA /* UIView+ext.swift */ = {isa = PBXFileReference; lastKnownFileType = sourcecode.swift; path = "UIView+ext.swift"; sourceTree = "<group>"; };
		CECBB5E91FEB6C1F005E87AA /* OSCActivityTableViewCell.swift */ = {isa = PBXFileReference; lastKnownFileType = sourcecode.swift; path = OSCActivityTableViewCell.swift; sourceTree = "<group>"; };
		CECBB5EB1FEB7407005E87AA /* OSCPushTypeControllerHelper.swift */ = {isa = PBXFileReference; lastKnownFileType = sourcecode.swift; path = OSCPushTypeControllerHelper.swift; sourceTree = "<group>"; };
		CED2BCDD1FF8E5E500BE89F6 /* test.json */ = {isa = PBXFileReference; lastKnownFileType = text.json; path = test.json; sourceTree = "<group>"; };
		CEFEC6491FDE41030019DDF2 /* OSC-Swift.app */ = {isa = PBXFileReference; explicitFileType = wrapper.application; includeInIndex = 0; path = "OSC-Swift.app"; sourceTree = BUILT_PRODUCTS_DIR; };
		CEFEC64C1FDE41030019DDF2 /* AppDelegate.swift */ = {isa = PBXFileReference; lastKnownFileType = sourcecode.swift; path = AppDelegate.swift; sourceTree = "<group>"; };
		CEFEC6511FDE41030019DDF2 /* Base */ = {isa = PBXFileReference; lastKnownFileType = file.storyboard; name = Base; path = Base.lproj/Main.storyboard; sourceTree = "<group>"; };
		CEFEC6531FDE41030019DDF2 /* Assets.xcassets */ = {isa = PBXFileReference; lastKnownFileType = folder.assetcatalog; path = Assets.xcassets; sourceTree = "<group>"; };
		CEFEC6561FDE41030019DDF2 /* Base */ = {isa = PBXFileReference; lastKnownFileType = file.storyboard; name = Base; path = Base.lproj/LaunchScreen.storyboard; sourceTree = "<group>"; };
		CEFEC6581FDE41030019DDF2 /* Info.plist */ = {isa = PBXFileReference; lastKnownFileType = text.plist.xml; path = Info.plist; sourceTree = "<group>"; };
		CEFEC65D1FDE41040019DDF2 /* OSC-SwiftTests.xctest */ = {isa = PBXFileReference; explicitFileType = wrapper.cfbundle; includeInIndex = 0; path = "OSC-SwiftTests.xctest"; sourceTree = BUILT_PRODUCTS_DIR; };
		CEFEC6611FDE41040019DDF2 /* OSC_SwiftTests.swift */ = {isa = PBXFileReference; lastKnownFileType = sourcecode.swift; path = OSC_SwiftTests.swift; sourceTree = "<group>"; };
		CEFEC6631FDE41040019DDF2 /* Info.plist */ = {isa = PBXFileReference; lastKnownFileType = text.plist.xml; path = Info.plist; sourceTree = "<group>"; };
		CEFEC6681FDE41040019DDF2 /* OSC-SwiftUITests.xctest */ = {isa = PBXFileReference; explicitFileType = wrapper.cfbundle; includeInIndex = 0; path = "OSC-SwiftUITests.xctest"; sourceTree = BUILT_PRODUCTS_DIR; };
		CEFEC66C1FDE41040019DDF2 /* OSC_SwiftUITests.swift */ = {isa = PBXFileReference; lastKnownFileType = sourcecode.swift; path = OSC_SwiftUITests.swift; sourceTree = "<group>"; };
		CEFEC66E1FDE41040019DDF2 /* Info.plist */ = {isa = PBXFileReference; lastKnownFileType = text.plist.xml; path = Info.plist; sourceTree = "<group>"; };
		CEFEC6801FDE44560019DDF2 /* format.html */ = {isa = PBXFileReference; fileEncoding = 4; lastKnownFileType = text.html; path = format.html; sourceTree = "<group>"; };
		CEFEC6811FDE44570019DDF2 /* shake.mp3 */ = {isa = PBXFileReference; lastKnownFileType = audio.mp3; path = shake.mp3; sourceTree = "<group>"; };
		CEFEC6831FDE44570019DDF2 /* activity.html */ = {isa = PBXFileReference; fileEncoding = 4; lastKnownFileType = text.html; path = activity.html; sourceTree = "<group>"; };
		CEFEC6841FDE44570019DDF2 /* newTweet.html */ = {isa = PBXFileReference; fileEncoding = 4; lastKnownFileType = text.html; path = newTweet.html; sourceTree = "<group>"; };
		CEFEC6851FDE44570019DDF2 /* blog.html */ = {isa = PBXFileReference; fileEncoding = 4; lastKnownFileType = text.html; path = blog.html; sourceTree = "<group>"; };
		CEFEC6861FDE44570019DDF2 /* software.html */ = {isa = PBXFileReference; fileEncoding = 4; lastKnownFileType = text.html; path = software.html; sourceTree = "<group>"; };
		CEFEC6871FDE44570019DDF2 /* base.mustache */ = {isa = PBXFileReference; fileEncoding = 4; lastKnownFileType = text; path = base.mustache; sourceTree = "<group>"; };
		CEFEC6881FDE44570019DDF2 /* article.html */ = {isa = PBXFileReference; fileEncoding = 4; lastKnownFileType = text.html; path = article.html; sourceTree = "<group>"; };
		CEFEC6891FDE44570019DDF2 /* blog.mustache */ = {isa = PBXFileReference; fileEncoding = 4; lastKnownFileType = text; path = blog.mustache; sourceTree = "<group>"; };
		CEFEC68A1FDE44570019DDF2 /* git_project.mustache */ = {isa = PBXFileReference; fileEncoding = 4; lastKnownFileType = text; path = git_project.mustache; sourceTree = "<group>"; };
		CEFEC68B1FDE44570019DDF2 /* newTweet.mustache */ = {isa = PBXFileReference; fileEncoding = 4; lastKnownFileType = text; path = newTweet.mustache; sourceTree = "<group>"; };
		CEFEC68C1FDE44570019DDF2 /* git_project.html */ = {isa = PBXFileReference; fileEncoding = 4; lastKnownFileType = text.html; path = git_project.html; sourceTree = "<group>"; };
		CEFEC68D1FDE44570019DDF2 /* tweet.html */ = {isa = PBXFileReference; fileEncoding = 4; lastKnownFileType = text.html; path = tweet.html; sourceTree = "<group>"; };
		CEFEC68E1FDE44570019DDF2 /* OSLicense.html */ = {isa = PBXFileReference; fileEncoding = 4; lastKnownFileType = text.html; path = OSLicense.html; sourceTree = "<group>"; };
		CEFEC68F1FDE44570019DDF2 /* FontAwesome.ttf */ = {isa = PBXFileReference; lastKnownFileType = file; path = FontAwesome.ttf; sourceTree = "<group>"; };
		CEFEC6901FDE44570019DDF2 /* recommend_tag.png */ = {isa = PBXFileReference; lastKnownFileType = image.png; path = recommend_tag.png; sourceTree = "<group>"; };
		CEFEC6921FDE44570019DDF2 /* note.png */ = {isa = PBXFileReference; lastKnownFileType = image.png; path = note.png; sourceTree = "<group>"; };
		CEFEC6931FDE44570019DDF2 /* shooting.png */ = {isa = PBXFileReference; lastKnownFileType = image.png; path = shooting.png; sourceTree = "<group>"; };
		CEFEC6941FDE44570019DDF2 /* sound.png */ = {isa = PBXFileReference; lastKnownFileType = image.png; path = sound.png; sourceTree = "<group>"; };
		CEFEC6951FDE44570019DDF2 /* search.png */ = {isa = PBXFileReference; lastKnownFileType = image.png; path = search.png; sourceTree = "<group>"; };
		CEFEC6961FDE44570019DDF2 /* tweetEditing.png */ = {isa = PBXFileReference; lastKnownFileType = image.png; path = tweetEditing.png; sourceTree = "<group>"; };
		CEFEC6971FDE44570019DDF2 /* picture.png */ = {isa = PBXFileReference; lastKnownFileType = image.png; path = picture.png; sourceTree = "<group>"; };
		CEFEC6981FDE44570019DDF2 /* scan.png */ = {isa = PBXFileReference; lastKnownFileType = image.png; path = scan.png; sourceTree = "<group>"; };
		CEFEC6991FDE44570019DDF2 /* jquery.js */ = {isa = PBXFileReference; fileEncoding = 4; lastKnownFileType = sourcecode.javascript; path = jquery.js; sourceTree = "<group>"; };
		CEFEC69A1FDE44570019DDF2 /* code.html */ = {isa = PBXFileReference; fileEncoding = 4; lastKnownFileType = text.html; path = code.html; sourceTree = "<group>"; };
		CEFEC69B1FDE44570019DDF2 /* github.css */ = {isa = PBXFileReference; fileEncoding = 4; lastKnownFileType = text.css; path = github.css; sourceTree = "<group>"; };
		CEFEC69C1FDE44570019DDF2 /* highlight.pack.js */ = {isa = PBXFileReference; fileEncoding = 4; lastKnownFileType = sourcecode.javascript; path = highlight.pack.js; sourceTree = "<group>"; };
		CEFEC69D1FDE44570019DDF2 /* code.css */ = {isa = PBXFileReference; fileEncoding = 4; lastKnownFileType = text.css; path = code.css; sourceTree = "<group>"; };
		CEFEC69F1FDE44570019DDF2 /* git_project.css */ = {isa = PBXFileReference; fileEncoding = 4; lastKnownFileType = text.css; path = git_project.css; sourceTree = "<group>"; };
		CEFEC6A01FDE44570019DDF2 /* detail.css */ = {isa = PBXFileReference; fileEncoding = 4; lastKnownFileType = text.css; path = detail.css; sourceTree = "<group>"; };
		CEFEC6A11FDE44570019DDF2 /* blog.css */ = {isa = PBXFileReference; fileEncoding = 4; lastKnownFileType = text.css; path = blog.css; sourceTree = "<group>"; };
		CEFEC6A21FDE44580019DDF2 /* base.html */ = {isa = PBXFileReference; fileEncoding = 4; lastKnownFileType = text.html; path = base.html; sourceTree = "<group>"; };
		CEFEC6C71FDE5BC40019DDF2 /* R.generated.swift */ = {isa = PBXFileReference; fileEncoding = 4; lastKnownFileType = sourcecode.swift; path = R.generated.swift; sourceTree = SOURCE_ROOT; };
		CEFEC6C91FDE720B0019DDF2 /* OSCTabBarController.swift */ = {isa = PBXFileReference; lastKnownFileType = sourcecode.swift; path = OSCTabBarController.swift; sourceTree = "<group>"; };
		CEFEC6CC1FDEBFFC0019DDF2 /* Config.swift */ = {isa = PBXFileReference; lastKnownFileType = sourcecode.swift; path = Config.swift; sourceTree = "<group>"; };
/* End PBXFileReference section */

/* Begin PBXFrameworksBuildPhase section */
		CEFEC6461FDE41030019DDF2 /* Frameworks */ = {
			isa = PBXFrameworksBuildPhase;
			buildActionMask = 2147483647;
			files = (
				6CE8B60625BC0FFE9142D6E9 /* Pods_OSC_Swift.framework in Frameworks */,
			);
			runOnlyForDeploymentPostprocessing = 0;
		};
		CEFEC65A1FDE41040019DDF2 /* Frameworks */ = {
			isa = PBXFrameworksBuildPhase;
			buildActionMask = 2147483647;
			files = (
			);
			runOnlyForDeploymentPostprocessing = 0;
		};
		CEFEC6651FDE41040019DDF2 /* Frameworks */ = {
			isa = PBXFrameworksBuildPhase;
			buildActionMask = 2147483647;
			files = (
			);
			runOnlyForDeploymentPostprocessing = 0;
		};
/* End PBXFrameworksBuildPhase section */

/* Begin PBXGroup section */
		263D73016E4E699FB0D8B7B6 /* Frameworks */ = {
			isa = PBXGroup;
			children = (
				0A7333335DB515DB0E1E4969 /* Pods_OSC_Swift.framework */,
			);
			name = Frameworks;
			sourceTree = "<group>";
		};
		CE1CE3FA1FE4AF4E002B3A50 /* Model */ = {
			isa = PBXGroup;
			children = (
				CE1CE3FB1FE4AF5F002B3A50 /* OSCTweetItem.swift */,
			);
			path = Model;
			sourceTree = "<group>";
		};
		CE1CE4011FE55EA1002B3A50 /* News */ = {
			isa = PBXGroup;
			children = (
				CE9BDDBB1FF907690022E609 /* NewsCell.xib */,
				CE1CE4021FE55EAA002B3A50 /* NewsCell.swift */,
			);
			path = News;
			sourceTree = "<group>";
		};
		CE2BF0E21FE1186E00528BA6 /* Edit */ = {
			isa = PBXGroup;
			children = (
				CE2BF0E51FE1189700528BA6 /* TweetEditingVC.swift */,
				CE2BF0E71FE1686700528BA6 /* VoiceTweetEditingVC.swift */,
			);
			path = Edit;
			sourceTree = "<group>";
		};
		CE2BF0E31FE1187900528BA6 /* List */ = {
			isa = PBXGroup;
			children = (
				CE1CE3FA1FE4AF4E002B3A50 /* Model */,
			);
			path = List;
			sourceTree = "<group>";
		};
		CE2BF0E41FE1188300528BA6 /* Detail */ = {
			isa = PBXGroup;
			children = (
			);
			path = Detail;
			sourceTree = "<group>";
		};
		CE2BF0E91FE1692C00528BA6 /* 扫一扫 */ = {
			isa = PBXGroup;
			children = (
				CE2BF0EA1FE1693700528BA6 /* ScanViewController.swift */,
			);
			path = "扫一扫";
			sourceTree = "<group>";
		};
		CE48FC9A1FDF566B00366E4F /* Login */ = {
			isa = PBXGroup;
			children = (
				CE6B24EC1FE0E13F00659156 /* Login.storyboard */,
				CE48FC9E1FDF580D00366E4F /* LoginViewController.swift */,
				CE48FCA01FDF582900366E4F /* FoundPWViewController.swift */,
				CE48FCA21FDF586B00366E4F /* RegisterInfoViewController.swift */,
				CE48FCA41FDF588400366E4F /* ResetPWViewController.swift */,
				CE48FCA61FDF58C100366E4F /* RegisterViewController.swift */,
			);
			path = Login;
			sourceTree = "<group>";
		};
		CE52B5DB1FE3799800A3E792 /* Model */ = {
			isa = PBXGroup;
			children = (
				CE52B5DC1FE379B500A3E792 /* enumList.swift */,
				CE52B5E41FE3C32E00A3E792 /* OSCBanner.swift */,
				CE52B5E61FE3C74900A3E792 /* OSCExtra.swift */,
				CE1CE3F41FE4AD5A002B3A50 /* OSCNetImage.swift */,
				CE1CE3F61FE4AD8A002B3A50 /* OSCStatistics.swift */,
				CE1CE3F81FE4ADB8002B3A50 /* OSCAbout.swift */,
				CE1CE3FD1FE4AFC6002B3A50 /* OSCUserItem.swift */,
				CEA24E4F1FE94E86000BAA76 /* OSCParseable.swift */,
			);
			path = Model;
			sourceTree = "<group>";
		};
		CE87EBAC1FF7555E00187F28 /* Activity */ = {
			isa = PBXGroup;
			children = (
				CE87EBAD1FF7556800187F28 /* ActivityCell.swift */,
			);
			path = Activity;
			sourceTree = "<group>";
		};
		CEA24D291FE762BE000BAA76 /* PullToRefresh */ = {
			isa = PBXGroup;
			children = (
				CEA24D2C1FE76370000BAA76 /* pulltorefresharrow.png */,
				CEA24D2D1FE76371000BAA76 /* PullToRefreshOption.swift */,
				CEA24D2E1FE76371000BAA76 /* PullToRefreshView.swift */,
				CEA24D2F1FE76371000BAA76 /* UIScrollViewExtension.swift */,
				CEA24D2B1FE762D8000BAA76 /* README.md */,
			);
			path = PullToRefresh;
			sourceTree = "<group>";
		};
		CEA24E371FE8A570000BAA76 /* Blogs */ = {
			isa = PBXGroup;
			children = (
				CE87EBA81FF754D400187F28 /* BlogCell.swift */,
			);
			path = Blogs;
			sourceTree = "<group>";
		};
		CEA24E381FE8A579000BAA76 /* Questions */ = {
			isa = PBXGroup;
			children = (
				CE87EBAA1FF7550A00187F28 /* QuesAnsCell.swift */,
			);
			path = Questions;
			sourceTree = "<group>";
		};
		CEA24E391FE8A580000BAA76 /* Software */ = {
			isa = PBXGroup;
			children = (
				CEA24E3C1FE8EFED000BAA76 /* Controller */,
				CEA24E3B1FE8EFEB000BAA76 /* Model */,
				CEA24E3A1FE8EFE5000BAA76 /* View */,
			);
			path = Software;
			sourceTree = "<group>";
		};
		CEA24E3A1FE8EFE5000BAA76 /* View */ = {
			isa = PBXGroup;
			children = (
			);
			path = View;
			sourceTree = "<group>";
		};
		CEA24E3B1FE8EFEB000BAA76 /* Model */ = {
			isa = PBXGroup;
			children = (
			);
			path = Model;
			sourceTree = "<group>";
		};
		CEA24E3C1FE8EFED000BAA76 /* Controller */ = {
			isa = PBXGroup;
			children = (
			);
			path = Controller;
			sourceTree = "<group>";
		};
		CEA24E3D1FE8F097000BAA76 /* General */ = {
			isa = PBXGroup;
			children = (
				CEA24E491FE8F1BF000BAA76 /* Collect */,
				CEA24E481FE8F197000BAA76 /* Comment */,
				CEA24E471FE8F195000BAA76 /* Contact */,
				CEA24E461FE8F193000BAA76 /* Follow */,
				CEA24E451FE8F191000BAA76 /* Message */,
				CEA24E441FE8F18F000BAA76 /* Post */,
				CEA24E431FE8F18D000BAA76 /* Chat */,
				CEA24E421FE8F18B000BAA76 /* Setting */,
				CEA24E411FE8F189000BAA76 /* Team */,
				CEA24E401FE8F185000BAA76 /* User */,
			);
			path = General;
			sourceTree = "<group>";
		};
		CEA24E401FE8F185000BAA76 /* User */ = {
			isa = PBXGroup;
			children = (
			);
			path = User;
			sourceTree = "<group>";
		};
		CEA24E411FE8F189000BAA76 /* Team */ = {
			isa = PBXGroup;
			children = (
			);
			path = Team;
			sourceTree = "<group>";
		};
		CEA24E421FE8F18B000BAA76 /* Setting */ = {
			isa = PBXGroup;
			children = (
			);
			path = Setting;
			sourceTree = "<group>";
		};
		CEA24E431FE8F18D000BAA76 /* Chat */ = {
			isa = PBXGroup;
			children = (
			);
			path = Chat;
			sourceTree = "<group>";
		};
		CEA24E441FE8F18F000BAA76 /* Post */ = {
			isa = PBXGroup;
			children = (
			);
			path = Post;
			sourceTree = "<group>";
		};
		CEA24E451FE8F191000BAA76 /* Message */ = {
			isa = PBXGroup;
			children = (
			);
			path = Message;
			sourceTree = "<group>";
		};
		CEA24E461FE8F193000BAA76 /* Follow */ = {
			isa = PBXGroup;
			children = (
			);
			path = Follow;
			sourceTree = "<group>";
		};
		CEA24E471FE8F195000BAA76 /* Contact */ = {
			isa = PBXGroup;
			children = (
			);
			path = Contact;
			sourceTree = "<group>";
		};
		CEA24E481FE8F197000BAA76 /* Comment */ = {
			isa = PBXGroup;
			children = (
			);
			path = Comment;
			sourceTree = "<group>";
		};
		CEA24E491FE8F1BF000BAA76 /* Collect */ = {
			isa = PBXGroup;
			children = (
			);
			path = Collect;
			sourceTree = "<group>";
		};
		CEC518CB1FE22C4E009A7CF2 /* MenuList */ = {
			isa = PBXGroup;
			children = (
				CEC518D61FE24320009A7CF2 /* Controller */,
				CEC518D71FE24333009A7CF2 /* Model */,
			);
			path = MenuList;
			sourceTree = "<group>";
		};
		CEC518D61FE24320009A7CF2 /* Controller */ = {
			isa = PBXGroup;
			children = (
				CECAD8821FE0C9AC008EE696 /* MenuContainerController.swift */,
				CEC518CC1FE22C5D009A7CF2 /* MenuPageCollection.swift */,
				CEC518DD1FE243F3009A7CF2 /* MenuPageCell.swift */,
				CEC518C51FE226BC009A7CF2 /* MenuBar.swift */,
				CE6098FB1FEC8DC70023B6A5 /* MenuPropertyTopView.swift */,
				CEC518C91FE228D3009A7CF2 /* MenuPropertyCollection.swift */,
				CEC518DF1FE24413009A7CF2 /* MenuPropertyCell.swift */,
			);
			path = Controller;
			sourceTree = "<group>";
		};
		CEC518D71FE24333009A7CF2 /* Model */ = {
			isa = PBXGroup;
			children = (
				CEC518D91FE2434C009A7CF2 /* OSCListItem.swift */,
				CEC518DB1FE24359009A7CF2 /* OSCMenuItem.swift */,
			);
			path = Model;
			sourceTree = "<group>";
		};
		CEC518E71FE244C3009A7CF2 /* DetailController */ = {
			isa = PBXGroup;
			children = (
				CEC518E81FE244CF009A7CF2 /* BottomBarViewController.swift */,
				CEC518EA1FE244DE009A7CF2 /* DetailsViewController.swift */,
			);
			path = DetailController;
			sourceTree = "<group>";
		};
		CEC518EC1FE24514009A7CF2 /* SearchController */ = {
			isa = PBXGroup;
			children = (
				CECAD87C1FE0C585008EE696 /* OSCSearchViewController.swift */,
				CEC518ED1FE247C3009A7CF2 /* SearchResultCells.swift */,
				CEC518EF1FE247CF009A7CF2 /* SearchResultController.swift */,
			);
			path = SearchController;
			sourceTree = "<group>";
		};
		CEC518F11FE248F6009A7CF2 /* SwipableController */ = {
			isa = PBXGroup;
			children = (
				CEC518C71FE227A3009A7CF2 /* TitleBarView.swift */,
				CEC518F21FE24906009A7CF2 /* HorizontalController.swift */,
				CEC518F41FE2493F009A7CF2 /* SwipableViewController.swift */,
			);
			path = SwipableController;
			sourceTree = "<group>";
		};
		CEC518F61FE24A19009A7CF2 /* vendor */ = {
			isa = PBXGroup;
			children = (
				CEA24D291FE762BE000BAA76 /* PullToRefresh */,
				CEC518F71FE24A22009A7CF2 /* SDCycleScrollView */,
			);
			path = vendor;
			sourceTree = "<group>";
		};
		CEC518F71FE24A22009A7CF2 /* SDCycleScrollView */ = {
			isa = PBXGroup;
			children = (
				CEC518F81FE24A54009A7CF2 /* README.md */,
				CEC518FA1FE24A7C009A7CF2 /* OSCPhotoGroupView.swift */,
			);
			path = SDCycleScrollView;
			sourceTree = "<group>";
		};
		CECAD8761FE0BDF2008EE696 /* 发现 */ = {
			isa = PBXGroup;
			children = (
				CECBB5DE1FEB4D51005E87AA /* Activity */,
				CE2BF0E91FE1692C00528BA6 /* 扫一扫 */,
				CECAD87E1FE0C963008EE696 /* Discover.storyboard */,
				CE6B24E61FE0D2BE00659156 /* DiscoverViewController.swift */,
			);
			path = "发现";
			sourceTree = "<group>";
		};
		CECAD8771FE0BDFF008EE696 /* 我的 */ = {
			isa = PBXGroup;
			children = (
				CECAD8801FE0C980008EE696 /* Homepage.storyboard */,
				CE6B24E81FE0D2FE00659156 /* HomepageViewController.swift */,
			);
			path = "我的";
			sourceTree = "<group>";
		};
		CECAD8781FE0BE0F008EE696 /* 动弹 */ = {
			isa = PBXGroup;
			children = (
				CE2BF0E31FE1187900528BA6 /* List */,
				CE2BF0E41FE1188300528BA6 /* Detail */,
				CE2BF0E21FE1186E00528BA6 /* Edit */,
				CECAD8841FE0CAA2008EE696 /* OSCTweetsController.swift */,
			);
			path = "动弹";
			sourceTree = "<group>";
		};
		CECAD8791FE0BE19008EE696 /* 综合 */ = {
			isa = PBXGroup;
			children = (
				CE87EBAC1FF7555E00187F28 /* Activity */,
				CEA24E391FE8A580000BAA76 /* Software */,
				CEA24E381FE8A579000BAA76 /* Questions */,
				CEA24E371FE8A570000BAA76 /* Blogs */,
				CE1CE4011FE55EA1002B3A50 /* News */,
				CEC518CB1FE22C4E009A7CF2 /* MenuList */,
			);
			path = "综合";
			sourceTree = "<group>";
		};
		CECBB5DE1FEB4D51005E87AA /* Activity */ = {
			isa = PBXGroup;
			children = (
				CECBB5DF1FEB4D5B005E87AA /* ActivityHeadView.swift */,
				CECBB5E91FEB6C1F005E87AA /* OSCActivityTableViewCell.swift */,
			);
			path = Activity;
			sourceTree = "<group>";
		};
		CEFEC6401FDE41030019DDF2 = {
			isa = PBXGroup;
			children = (
				CEFEC64B1FDE41030019DDF2 /* OSC-Swift */,
				CEFEC6601FDE41040019DDF2 /* OSC-SwiftTests */,
				CEFEC66B1FDE41040019DDF2 /* OSC-SwiftUITests */,
				CEFEC64A1FDE41030019DDF2 /* Products */,
				FE12885E547DA5FA7F7D5A86 /* Pods */,
				263D73016E4E699FB0D8B7B6 /* Frameworks */,
				CE6522D61FE62DB2000A98D2 /* README.md */,
			);
			sourceTree = "<group>";
		};
		CEFEC64A1FDE41030019DDF2 /* Products */ = {
			isa = PBXGroup;
			children = (
				CEFEC6491FDE41030019DDF2 /* OSC-Swift.app */,
				CEFEC65D1FDE41040019DDF2 /* OSC-SwiftTests.xctest */,
				CEFEC6681FDE41040019DDF2 /* OSC-SwiftUITests.xctest */,
			);
			name = Products;
			sourceTree = "<group>";
		};
		CEFEC64B1FDE41030019DDF2 /* OSC-Swift */ = {
			isa = PBXGroup;
			children = (
				CEFEC67A1FDE41170019DDF2 /* Application */,
				CEFEC67B1FDE43A00019DDF2 /* Controllers */,
				CEFEC67C1FDE43AB0019DDF2 /* Views */,
				CE52B5DB1FE3799800A3E792 /* Model */,
				CEFEC67D1FDE43B10019DDF2 /* Utils */,
				CEFEC67E1FDE43BA0019DDF2 /* Resources */,
				CEC518F61FE24A19009A7CF2 /* vendor */,
				CEFEC6501FDE41030019DDF2 /* Main.storyboard */,
				CEFEC6551FDE41030019DDF2 /* LaunchScreen.storyboard */,
				CEFEC6531FDE41030019DDF2 /* Assets.xcassets */,
				CEFEC6581FDE41030019DDF2 /* Info.plist */,
				CE2BF0F01FE1FCAE00528BA6 /* bridge-header.h */,
				CED2BCDD1FF8E5E500BE89F6 /* test.json */,
			);
			path = "OSC-Swift";
			sourceTree = "<group>";
		};
		CEFEC6601FDE41040019DDF2 /* OSC-SwiftTests */ = {
			isa = PBXGroup;
			children = (
				CEFEC6611FDE41040019DDF2 /* OSC_SwiftTests.swift */,
				CEFEC6631FDE41040019DDF2 /* Info.plist */,
			);
			path = "OSC-SwiftTests";
			sourceTree = "<group>";
		};
		CEFEC66B1FDE41040019DDF2 /* OSC-SwiftUITests */ = {
			isa = PBXGroup;
			children = (
				CEFEC66C1FDE41040019DDF2 /* OSC_SwiftUITests.swift */,
				CEFEC66E1FDE41040019DDF2 /* Info.plist */,
			);
			path = "OSC-SwiftUITests";
			sourceTree = "<group>";
		};
		CEFEC67A1FDE41170019DDF2 /* Application */ = {
			isa = PBXGroup;
			children = (
				CEFEC64C1FDE41030019DDF2 /* AppDelegate.swift */,
				CE52B5DE1FE3ACAD00A3E792 /* OSCAPI.swift */,
				CE52B5E11FE3B3AD00A3E792 /* osc-token-config.swift */,
				CE87EBB01FF78A4700187F28 /* Client.swift */,
			);
			path = Application;
			sourceTree = "<group>";
		};
		CEFEC67B1FDE43A00019DDF2 /* Controllers */ = {
			isa = PBXGroup;
			children = (
				CEA24E3D1FE8F097000BAA76 /* General */,
				CE48FC9A1FDF566B00366E4F /* Login */,
				CEFEC6C31FDE53530019DDF2 /* Main */,
				CECAD8791FE0BE19008EE696 /* 综合 */,
				CECAD8781FE0BE0F008EE696 /* 动弹 */,
				CECAD8771FE0BDFF008EE696 /* 我的 */,
				CECAD8761FE0BDF2008EE696 /* 发现 */,
			);
			path = Controllers;
			sourceTree = "<group>";
		};
		CEFEC67C1FDE43AB0019DDF2 /* Views */ = {
			isa = PBXGroup;
			children = (
				CECBB5DC1FEB4BA4005E87AA /* BannerScrollView.swift */,
				CECBB5E11FEB54BA005E87AA /* UsualTableViewCell.swift */,
			);
			path = Views;
			sourceTree = "<group>";
		};
		CEFEC67D1FDE43B10019DDF2 /* Utils */ = {
			isa = PBXGroup;
			children = (
				CEAFBE9F1FEFF12A00BA8DCB /* Alamofire+ObjectMapper.swift */,
				CEAFBE9E1FEFF12900BA8DCB /* Alamofire+SwiftyJSON.swift */,
				CEA24E4D1FE9413C000BAA76 /* Alamofire+xml.swift */,
				CEFEC6CC1FDEBFFC0019DDF2 /* Config.swift */,
				CE2BF0E01FE10CD800528BA6 /* UIColor+ext.swift */,
				CE2BF0EE1FE17A5C00528BA6 /* Utils.swift */,
				CECBB5E31FEB6789005E87AA /* UIView+ext.swift */,
				CECBB5EB1FEB7407005E87AA /* OSCPushTypeControllerHelper.swift */,
				CE6098FF1FEC9C000023B6A5 /* Constants.swift */,
			);
			path = Utils;
			sourceTree = "<group>";
		};
		CEFEC67E1FDE43BA0019DDF2 /* Resources */ = {
			isa = PBXGroup;
			children = (
				CE1CE3FF1FE4BD86002B3A50 /* subMenuItems.plist */,
				CEFEC6C71FDE5BC40019DDF2 /* R.generated.swift */,
				CEFEC6A21FDE44580019DDF2 /* base.html */,
				CEFEC69D1FDE44570019DDF2 /* code.css */,
				CEFEC69A1FDE44570019DDF2 /* code.html */,
				CEFEC69E1FDE44570019DDF2 /* CSS */,
				CEFEC68F1FDE44570019DDF2 /* FontAwesome.ttf */,
				CEFEC6801FDE44560019DDF2 /* format.html */,
				CEFEC69B1FDE44570019DDF2 /* github.css */,
				CEFEC69C1FDE44570019DDF2 /* highlight.pack.js */,
				CEFEC6821FDE44570019DDF2 /* html */,
				CEFEC6991FDE44570019DDF2 /* jquery.js */,
				CEFEC6911FDE44570019DDF2 /* option buttons */,
				CEFEC6901FDE44570019DDF2 /* recommend_tag.png */,
				CEFEC6811FDE44570019DDF2 /* shake.mp3 */,
			);
			path = Resources;
			sourceTree = "<group>";
		};
		CEFEC6821FDE44570019DDF2 /* html */ = {
			isa = PBXGroup;
			children = (
				CEFEC6831FDE44570019DDF2 /* activity.html */,
				CEFEC6841FDE44570019DDF2 /* newTweet.html */,
				CEFEC6851FDE44570019DDF2 /* blog.html */,
				CEFEC6861FDE44570019DDF2 /* software.html */,
				CEFEC6871FDE44570019DDF2 /* base.mustache */,
				CEFEC6881FDE44570019DDF2 /* article.html */,
				CEFEC6891FDE44570019DDF2 /* blog.mustache */,
				CEFEC68A1FDE44570019DDF2 /* git_project.mustache */,
				CEFEC68B1FDE44570019DDF2 /* newTweet.mustache */,
				CEFEC68C1FDE44570019DDF2 /* git_project.html */,
				CEFEC68D1FDE44570019DDF2 /* tweet.html */,
				CEFEC68E1FDE44570019DDF2 /* OSLicense.html */,
			);
			path = html;
			sourceTree = "<group>";
		};
		CEFEC6911FDE44570019DDF2 /* option buttons */ = {
			isa = PBXGroup;
			children = (
				CEFEC6921FDE44570019DDF2 /* note.png */,
				CEFEC6931FDE44570019DDF2 /* shooting.png */,
				CEFEC6941FDE44570019DDF2 /* sound.png */,
				CEFEC6951FDE44570019DDF2 /* search.png */,
				CEFEC6961FDE44570019DDF2 /* tweetEditing.png */,
				CEFEC6971FDE44570019DDF2 /* picture.png */,
				CEFEC6981FDE44570019DDF2 /* scan.png */,
			);
			path = "option buttons";
			sourceTree = "<group>";
		};
		CEFEC69E1FDE44570019DDF2 /* CSS */ = {
			isa = PBXGroup;
			children = (
				CEFEC69F1FDE44570019DDF2 /* git_project.css */,
				CEFEC6A01FDE44570019DDF2 /* detail.css */,
				CEFEC6A11FDE44570019DDF2 /* blog.css */,
			);
			path = CSS;
			sourceTree = "<group>";
		};
		CEFEC6C31FDE53530019DDF2 /* Main */ = {
			isa = PBXGroup;
			children = (
				CEC518F11FE248F6009A7CF2 /* SwipableController */,
				CEC518EC1FE24514009A7CF2 /* SearchController */,
				CEC518E71FE244C3009A7CF2 /* DetailController */,
				CEFEC6C91FDE720B0019DDF2 /* OSCTabBarController.swift */,
				CE2BF0DE1FE106D200528BA6 /* OptionButton.swift */,
				CEA24E3E1FE8F10D000BAA76 /* OSCObjsViewController.swift */,
			);
			path = Main;
			sourceTree = "<group>";
		};
		FE12885E547DA5FA7F7D5A86 /* Pods */ = {
			isa = PBXGroup;
			children = (
				777ABAD1853E6877D96ED6DF /* Pods-OSC-Swift.debug.xcconfig */,
				B87EE4758EFCCC549C436E11 /* Pods-OSC-Swift.release.xcconfig */,
			);
			name = Pods;
			sourceTree = "<group>";
		};
/* End PBXGroup section */

/* Begin PBXNativeTarget section */
		CEFEC6481FDE41030019DDF2 /* OSC-Swift */ = {
			isa = PBXNativeTarget;
			buildConfigurationList = CEFEC6711FDE41040019DDF2 /* Build configuration list for PBXNativeTarget "OSC-Swift" */;
			buildPhases = (
				186F422A9CFD98E68D5085AE /* [CP] Check Pods Manifest.lock */,
				CEFEC6C61FDE5A070019DDF2 /* Run Script */,
				CEFEC6451FDE41030019DDF2 /* Sources */,
				CEFEC6461FDE41030019DDF2 /* Frameworks */,
				CEFEC6471FDE41030019DDF2 /* Resources */,
				52F25A16918A74270346608E /* [CP] Embed Pods Frameworks */,
				59A99C056110F2D17C228786 /* [CP] Copy Pods Resources */,
			);
			buildRules = (
			);
			dependencies = (
			);
			name = "OSC-Swift";
			productName = "OSC-Swift";
			productReference = CEFEC6491FDE41030019DDF2 /* OSC-Swift.app */;
			productType = "com.apple.product-type.application";
		};
		CEFEC65C1FDE41040019DDF2 /* OSC-SwiftTests */ = {
			isa = PBXNativeTarget;
			buildConfigurationList = CEFEC6741FDE41040019DDF2 /* Build configuration list for PBXNativeTarget "OSC-SwiftTests" */;
			buildPhases = (
				CEFEC6591FDE41040019DDF2 /* Sources */,
				CEFEC65A1FDE41040019DDF2 /* Frameworks */,
				CEFEC65B1FDE41040019DDF2 /* Resources */,
			);
			buildRules = (
			);
			dependencies = (
				CEFEC65F1FDE41040019DDF2 /* PBXTargetDependency */,
			);
			name = "OSC-SwiftTests";
			productName = "OSC-SwiftTests";
			productReference = CEFEC65D1FDE41040019DDF2 /* OSC-SwiftTests.xctest */;
			productType = "com.apple.product-type.bundle.unit-test";
		};
		CEFEC6671FDE41040019DDF2 /* OSC-SwiftUITests */ = {
			isa = PBXNativeTarget;
			buildConfigurationList = CEFEC6771FDE41040019DDF2 /* Build configuration list for PBXNativeTarget "OSC-SwiftUITests" */;
			buildPhases = (
				CEFEC6641FDE41040019DDF2 /* Sources */,
				CEFEC6651FDE41040019DDF2 /* Frameworks */,
				CEFEC6661FDE41040019DDF2 /* Resources */,
			);
			buildRules = (
			);
			dependencies = (
				CEFEC66A1FDE41040019DDF2 /* PBXTargetDependency */,
			);
			name = "OSC-SwiftUITests";
			productName = "OSC-SwiftUITests";
			productReference = CEFEC6681FDE41040019DDF2 /* OSC-SwiftUITests.xctest */;
			productType = "com.apple.product-type.bundle.ui-testing";
		};
/* End PBXNativeTarget section */

/* Begin PBXProject section */
		CEFEC6411FDE41030019DDF2 /* Project object */ = {
			isa = PBXProject;
			attributes = {
				LastSwiftUpdateCheck = 0910;
				LastUpgradeCheck = 0910;
				ORGANIZATIONNAME = awd;
				TargetAttributes = {
					CEFEC6481FDE41030019DDF2 = {
						CreatedOnToolsVersion = 9.1;
						ProvisioningStyle = Automatic;
					};
					CEFEC65C1FDE41040019DDF2 = {
						CreatedOnToolsVersion = 9.1;
						ProvisioningStyle = Automatic;
						TestTargetID = CEFEC6481FDE41030019DDF2;
					};
					CEFEC6671FDE41040019DDF2 = {
						CreatedOnToolsVersion = 9.1;
						ProvisioningStyle = Automatic;
						TestTargetID = CEFEC6481FDE41030019DDF2;
					};
				};
			};
			buildConfigurationList = CEFEC6441FDE41030019DDF2 /* Build configuration list for PBXProject "OSC-Swift" */;
			compatibilityVersion = "Xcode 8.0";
			developmentRegion = en;
			hasScannedForEncodings = 0;
			knownRegions = (
				en,
				Base,
			);
			mainGroup = CEFEC6401FDE41030019DDF2;
			productRefGroup = CEFEC64A1FDE41030019DDF2 /* Products */;
			projectDirPath = "";
			projectRoot = "";
			targets = (
				CEFEC6481FDE41030019DDF2 /* OSC-Swift */,
				CEFEC65C1FDE41040019DDF2 /* OSC-SwiftTests */,
				CEFEC6671FDE41040019DDF2 /* OSC-SwiftUITests */,
			);
		};
/* End PBXProject section */

/* Begin PBXResourcesBuildPhase section */
		CEFEC6471FDE41030019DDF2 /* Resources */ = {
			isa = PBXResourcesBuildPhase;
			buildActionMask = 2147483647;
			files = (
				CEFEC6BF1FDE44580019DDF2 /* git_project.css in Resources */,
				CEFEC6A71FDE44580019DDF2 /* blog.html in Resources */,
				CEFEC6BC1FDE44580019DDF2 /* github.css in Resources */,
				CEFEC6B31FDE44580019DDF2 /* note.png in Resources */,
				CEFEC6AB1FDE44580019DDF2 /* blog.mustache in Resources */,
				CED2BCDE1FF8E5E500BE89F6 /* test.json in Resources */,
				CEFEC6A61FDE44580019DDF2 /* newTweet.html in Resources */,
				CEFEC6B91FDE44580019DDF2 /* scan.png in Resources */,
				CEFEC6571FDE41030019DDF2 /* LaunchScreen.storyboard in Resources */,
				CEFEC6BA1FDE44580019DDF2 /* jquery.js in Resources */,
				CEFEC6C11FDE44580019DDF2 /* blog.css in Resources */,
				CEFEC6BB1FDE44580019DDF2 /* code.html in Resources */,
				CEFEC6A81FDE44580019DDF2 /* software.html in Resources */,
				CEFEC6B11FDE44580019DDF2 /* FontAwesome.ttf in Resources */,
				CE1CE4001FE4BD86002B3A50 /* subMenuItems.plist in Resources */,
				CEFEC6541FDE41030019DDF2 /* Assets.xcassets in Resources */,
				CEFEC6B71FDE44580019DDF2 /* tweetEditing.png in Resources */,
				CE6522D71FE62DB2000A98D2 /* README.md in Resources */,
				CEFEC6AF1FDE44580019DDF2 /* tweet.html in Resources */,
				CEFEC6A41FDE44580019DDF2 /* shake.mp3 in Resources */,
				CEFEC6A91FDE44580019DDF2 /* base.mustache in Resources */,
				CEFEC6A51FDE44580019DDF2 /* activity.html in Resources */,
				CE6B24ED1FE0E13F00659156 /* Login.storyboard in Resources */,
				CEFEC6B21FDE44580019DDF2 /* recommend_tag.png in Resources */,
				CEFEC6BE1FDE44580019DDF2 /* code.css in Resources */,
				CE9BDDBC1FF907690022E609 /* NewsCell.xib in Resources */,
				CEFEC6B01FDE44580019DDF2 /* OSLicense.html in Resources */,
				CEFEC6AC1FDE44580019DDF2 /* git_project.mustache in Resources */,
				CEFEC6521FDE41030019DDF2 /* Main.storyboard in Resources */,
				CEFEC6A31FDE44580019DDF2 /* format.html in Resources */,
				CEFEC6AD1FDE44580019DDF2 /* newTweet.mustache in Resources */,
				CEFEC6AA1FDE44580019DDF2 /* article.html in Resources */,
				CECAD87F1FE0C963008EE696 /* Discover.storyboard in Resources */,
				CEFEC6C01FDE44580019DDF2 /* detail.css in Resources */,
				CEC518F91FE24A54009A7CF2 /* README.md in Resources */,
				CEFEC6AE1FDE44580019DDF2 /* git_project.html in Resources */,
				CEFEC6B81FDE44580019DDF2 /* picture.png in Resources */,
				CEFEC6B41FDE44580019DDF2 /* shooting.png in Resources */,
				CEFEC6C21FDE44580019DDF2 /* base.html in Resources */,
				CEFEC6B51FDE44580019DDF2 /* sound.png in Resources */,
				CEFEC6B61FDE44580019DDF2 /* search.png in Resources */,
				CEA24D301FE76372000BAA76 /* pulltorefresharrow.png in Resources */,
				CECAD8811FE0C981008EE696 /* Homepage.storyboard in Resources */,
				CEFEC6BD1FDE44580019DDF2 /* highlight.pack.js in Resources */,
			);
			runOnlyForDeploymentPostprocessing = 0;
		};
		CEFEC65B1FDE41040019DDF2 /* Resources */ = {
			isa = PBXResourcesBuildPhase;
			buildActionMask = 2147483647;
			files = (
			);
			runOnlyForDeploymentPostprocessing = 0;
		};
		CEFEC6661FDE41040019DDF2 /* Resources */ = {
			isa = PBXResourcesBuildPhase;
			buildActionMask = 2147483647;
			files = (
			);
			runOnlyForDeploymentPostprocessing = 0;
		};
/* End PBXResourcesBuildPhase section */

/* Begin PBXShellScriptBuildPhase section */
		186F422A9CFD98E68D5085AE /* [CP] Check Pods Manifest.lock */ = {
			isa = PBXShellScriptBuildPhase;
			buildActionMask = 2147483647;
			files = (
			);
			inputPaths = (
			);
			name = "[CP] Check Pods Manifest.lock";
			outputPaths = (
			);
			runOnlyForDeploymentPostprocessing = 0;
			shellPath = /bin/sh;
			shellScript = "diff \"${PODS_ROOT}/../Podfile.lock\" \"${PODS_ROOT}/Manifest.lock\" > /dev/null\nif [ $? != 0 ] ; then\n    # print error to STDERR\n    echo \"error: The sandbox is not in sync with the Podfile.lock. Run 'pod install' or update your CocoaPods installation.\" >&2\n    exit 1\nfi\n";
			showEnvVarsInLog = 0;
		};
		52F25A16918A74270346608E /* [CP] Embed Pods Frameworks */ = {
			isa = PBXShellScriptBuildPhase;
			buildActionMask = 2147483647;
			files = (
			);
			inputPaths = (
			);
			name = "[CP] Embed Pods Frameworks";
			outputPaths = (
			);
			runOnlyForDeploymentPostprocessing = 0;
			shellPath = /bin/sh;
			shellScript = "\"${SRCROOT}/Pods/Target Support Files/Pods-OSC-Swift/Pods-OSC-Swift-frameworks.sh\"\n";
			showEnvVarsInLog = 0;
		};
		59A99C056110F2D17C228786 /* [CP] Copy Pods Resources */ = {
			isa = PBXShellScriptBuildPhase;
			buildActionMask = 2147483647;
			files = (
			);
			inputPaths = (
			);
			name = "[CP] Copy Pods Resources";
			outputPaths = (
			);
			runOnlyForDeploymentPostprocessing = 0;
			shellPath = /bin/sh;
			shellScript = "\"${SRCROOT}/Pods/Target Support Files/Pods-OSC-Swift/Pods-OSC-Swift-resources.sh\"\n";
			showEnvVarsInLog = 0;
		};
		CEFEC6C61FDE5A070019DDF2 /* Run Script */ = {
			isa = PBXShellScriptBuildPhase;
			buildActionMask = 2147483647;
			files = (
			);
			inputPaths = (
			);
			name = "Run Script";
			outputPaths = (
			);
			runOnlyForDeploymentPostprocessing = 0;
			shellPath = /bin/sh;
			shellScript = "\"$PODS_ROOT/R.swift/rswift\" generate \"$SRCROOT\"";
		};
/* End PBXShellScriptBuildPhase section */

/* Begin PBXSourcesBuildPhase section */
		CEFEC6451FDE41030019DDF2 /* Sources */ = {
			isa = PBXSourcesBuildPhase;
			buildActionMask = 2147483647;
			files = (
				CE2BF0EB1FE1693700528BA6 /* ScanViewController.swift in Sources */,
				CEC518F51FE2493F009A7CF2 /* SwipableViewController.swift in Sources */,
				CEC518EE1FE247C3009A7CF2 /* SearchResultCells.swift in Sources */,
				CEA24D321FE76372000BAA76 /* PullToRefreshView.swift in Sources */,
				CEC518F31FE24906009A7CF2 /* HorizontalController.swift in Sources */,
				CECBB5DD1FEB4BA4005E87AA /* BannerScrollView.swift in Sources */,
				CE48FCA71FDF58C100366E4F /* RegisterViewController.swift in Sources */,
				CE87EBAE1FF7556800187F28 /* ActivityCell.swift in Sources */,
				CEC518FB1FE24A7C009A7CF2 /* OSCPhotoGroupView.swift in Sources */,
				CE48FCA31FDF586B00366E4F /* RegisterInfoViewController.swift in Sources */,
				CECBB5E01FEB4D5B005E87AA /* ActivityHeadView.swift in Sources */,
				CE1CE4031FE55EAA002B3A50 /* NewsCell.swift in Sources */,
				CE1CE3FE1FE4AFC6002B3A50 /* OSCUserItem.swift in Sources */,
				CE2BF0E81FE1686700528BA6 /* VoiceTweetEditingVC.swift in Sources */,
				CEC518CA1FE228D3009A7CF2 /* MenuPropertyCollection.swift in Sources */,
				CE1CE3F71FE4AD8A002B3A50 /* OSCStatistics.swift in Sources */,
				CE52B5DF1FE3ACAD00A3E792 /* OSCAPI.swift in Sources */,
				CECBB5EC1FEB7407005E87AA /* OSCPushTypeControllerHelper.swift in Sources */,
				CEC518C81FE227A3009A7CF2 /* TitleBarView.swift in Sources */,
				CEC518EB1FE244DE009A7CF2 /* DetailsViewController.swift in Sources */,
				CE2BF0E61FE1189700528BA6 /* TweetEditingVC.swift in Sources */,
				CEA24E501FE94E86000BAA76 /* OSCParseable.swift in Sources */,
				CE48FCA11FDF582900366E4F /* FoundPWViewController.swift in Sources */,
				CE52B5E21FE3B3AD00A3E792 /* osc-token-config.swift in Sources */,
				CEFEC6CA1FDE720B0019DDF2 /* OSCTabBarController.swift in Sources */,
				CEFEC6CD1FDEBFFC0019DDF2 /* Config.swift in Sources */,
				CE87EBB11FF78A4700187F28 /* Client.swift in Sources */,
				CECBB5E41FEB6789005E87AA /* UIView+ext.swift in Sources */,
				CEAFBEA01FEFF12A00BA8DCB /* Alamofire+SwiftyJSON.swift in Sources */,
				CE2BF0E11FE10CD800528BA6 /* UIColor+ext.swift in Sources */,
				CEA24E4E1FE9413D000BAA76 /* Alamofire+xml.swift in Sources */,
				CE2BF0DF1FE106D200528BA6 /* OptionButton.swift in Sources */,
				CE6B24E71FE0D2BE00659156 /* DiscoverViewController.swift in Sources */,
				CECAD8851FE0CAA2008EE696 /* OSCTweetsController.swift in Sources */,
				CE87EBAB1FF7550A00187F28 /* QuesAnsCell.swift in Sources */,
				CEFEC64D1FDE41030019DDF2 /* AppDelegate.swift in Sources */,
				CECAD8831FE0C9AC008EE696 /* MenuContainerController.swift in Sources */,
				CE1CE3FC1FE4AF5F002B3A50 /* OSCTweetItem.swift in Sources */,
				CEC518CD1FE22C5D009A7CF2 /* MenuPageCollection.swift in Sources */,
				CEC518E01FE24413009A7CF2 /* MenuPropertyCell.swift in Sources */,
				CEC518DA1FE2434C009A7CF2 /* OSCListItem.swift in Sources */,
				CE1CE3F91FE4ADB8002B3A50 /* OSCAbout.swift in Sources */,
				CE52B5DD1FE379B500A3E792 /* enumList.swift in Sources */,
				CE48FC9F1FDF580D00366E4F /* LoginViewController.swift in Sources */,
				CEA24D311FE76372000BAA76 /* PullToRefreshOption.swift in Sources */,
				CE6098FC1FEC8DC70023B6A5 /* MenuPropertyTopView.swift in Sources */,
				CE6B24E91FE0D2FE00659156 /* HomepageViewController.swift in Sources */,
				CE87EBA91FF754D400187F28 /* BlogCell.swift in Sources */,
				CEAFBEA11FEFF12A00BA8DCB /* Alamofire+ObjectMapper.swift in Sources */,
				CECBB5EA1FEB6C1F005E87AA /* OSCActivityTableViewCell.swift in Sources */,
				CEA24D331FE76372000BAA76 /* UIScrollViewExtension.swift in Sources */,
				CEC518F01FE247CF009A7CF2 /* SearchResultController.swift in Sources */,
				CEA24E3F1FE8F10D000BAA76 /* OSCObjsViewController.swift in Sources */,
				CEFEC6C81FDE5BC40019DDF2 /* R.generated.swift in Sources */,
				CE52B5E71FE3C74900A3E792 /* OSCExtra.swift in Sources */,
				CE2BF0EF1FE17A5C00528BA6 /* Utils.swift in Sources */,
				CE6099001FEC9C000023B6A5 /* Constants.swift in Sources */,
				CEC518DE1FE243F3009A7CF2 /* MenuPageCell.swift in Sources */,
				CEC518E91FE244CF009A7CF2 /* BottomBarViewController.swift in Sources */,
				CECBB5E21FEB54BA005E87AA /* UsualTableViewCell.swift in Sources */,
				CE52B5E51FE3C32E00A3E792 /* OSCBanner.swift in Sources */,
				CECAD87D1FE0C585008EE696 /* OSCSearchViewController.swift in Sources */,
				CEC518C61FE226BC009A7CF2 /* MenuBar.swift in Sources */,
				CEC518DC1FE24359009A7CF2 /* OSCMenuItem.swift in Sources */,
				CE48FCA51FDF588400366E4F /* ResetPWViewController.swift in Sources */,
				CE1CE3F51FE4AD5A002B3A50 /* OSCNetImage.swift in Sources */,
			);
			runOnlyForDeploymentPostprocessing = 0;
		};
		CEFEC6591FDE41040019DDF2 /* Sources */ = {
			isa = PBXSourcesBuildPhase;
			buildActionMask = 2147483647;
			files = (
				CEFEC6621FDE41040019DDF2 /* OSC_SwiftTests.swift in Sources */,
			);
			runOnlyForDeploymentPostprocessing = 0;
		};
		CEFEC6641FDE41040019DDF2 /* Sources */ = {
			isa = PBXSourcesBuildPhase;
			buildActionMask = 2147483647;
			files = (
				CEFEC66D1FDE41040019DDF2 /* OSC_SwiftUITests.swift in Sources */,
			);
			runOnlyForDeploymentPostprocessing = 0;
		};
/* End PBXSourcesBuildPhase section */

/* Begin PBXTargetDependency section */
		CEFEC65F1FDE41040019DDF2 /* PBXTargetDependency */ = {
			isa = PBXTargetDependency;
			target = CEFEC6481FDE41030019DDF2 /* OSC-Swift */;
			targetProxy = CEFEC65E1FDE41040019DDF2 /* PBXContainerItemProxy */;
		};
		CEFEC66A1FDE41040019DDF2 /* PBXTargetDependency */ = {
			isa = PBXTargetDependency;
			target = CEFEC6481FDE41030019DDF2 /* OSC-Swift */;
			targetProxy = CEFEC6691FDE41040019DDF2 /* PBXContainerItemProxy */;
		};
/* End PBXTargetDependency section */

/* Begin PBXVariantGroup section */
		CEFEC6501FDE41030019DDF2 /* Main.storyboard */ = {
			isa = PBXVariantGroup;
			children = (
				CEFEC6511FDE41030019DDF2 /* Base */,
			);
			name = Main.storyboard;
			sourceTree = "<group>";
		};
		CEFEC6551FDE41030019DDF2 /* LaunchScreen.storyboard */ = {
			isa = PBXVariantGroup;
			children = (
				CEFEC6561FDE41030019DDF2 /* Base */,
			);
			name = LaunchScreen.storyboard;
			sourceTree = "<group>";
		};
/* End PBXVariantGroup section */

/* Begin XCBuildConfiguration section */
		CEFEC66F1FDE41040019DDF2 /* Debug */ = {
			isa = XCBuildConfiguration;
			buildSettings = {
				ALWAYS_SEARCH_USER_PATHS = NO;
				CLANG_ANALYZER_NONNULL = YES;
				CLANG_ANALYZER_NUMBER_OBJECT_CONVERSION = YES_AGGRESSIVE;
				CLANG_CXX_LANGUAGE_STANDARD = "gnu++14";
				CLANG_CXX_LIBRARY = "libc++";
				CLANG_ENABLE_MODULES = YES;
				CLANG_ENABLE_OBJC_ARC = YES;
				CLANG_WARN_BLOCK_CAPTURE_AUTORELEASING = YES;
				CLANG_WARN_BOOL_CONVERSION = YES;
				CLANG_WARN_COMMA = YES;
				CLANG_WARN_CONSTANT_CONVERSION = YES;
				CLANG_WARN_DIRECT_OBJC_ISA_USAGE = YES_ERROR;
				CLANG_WARN_DOCUMENTATION_COMMENTS = YES;
				CLANG_WARN_EMPTY_BODY = YES;
				CLANG_WARN_ENUM_CONVERSION = YES;
				CLANG_WARN_INFINITE_RECURSION = YES;
				CLANG_WARN_INT_CONVERSION = YES;
				CLANG_WARN_NON_LITERAL_NULL_CONVERSION = YES;
				CLANG_WARN_OBJC_LITERAL_CONVERSION = YES;
				CLANG_WARN_OBJC_ROOT_CLASS = YES_ERROR;
				CLANG_WARN_RANGE_LOOP_ANALYSIS = YES;
				CLANG_WARN_STRICT_PROTOTYPES = YES;
				CLANG_WARN_SUSPICIOUS_MOVE = YES;
				CLANG_WARN_UNGUARDED_AVAILABILITY = YES_AGGRESSIVE;
				CLANG_WARN_UNREACHABLE_CODE = YES;
				CLANG_WARN__DUPLICATE_METHOD_MATCH = YES;
				CODE_SIGN_IDENTITY = "iPhone Developer";
				COPY_PHASE_STRIP = NO;
				DEBUG_INFORMATION_FORMAT = dwarf;
				ENABLE_STRICT_OBJC_MSGSEND = YES;
				ENABLE_TESTABILITY = YES;
				GCC_C_LANGUAGE_STANDARD = gnu11;
				GCC_DYNAMIC_NO_PIC = NO;
				GCC_NO_COMMON_BLOCKS = YES;
				GCC_OPTIMIZATION_LEVEL = 0;
				GCC_PREPROCESSOR_DEFINITIONS = (
					"DEBUG=1",
					"$(inherited)",
				);
				GCC_WARN_64_TO_32_BIT_CONVERSION = YES;
				GCC_WARN_ABOUT_RETURN_TYPE = YES_ERROR;
				GCC_WARN_UNDECLARED_SELECTOR = YES;
				GCC_WARN_UNINITIALIZED_AUTOS = YES_AGGRESSIVE;
				GCC_WARN_UNUSED_FUNCTION = YES;
				GCC_WARN_UNUSED_VARIABLE = YES;
				IPHONEOS_DEPLOYMENT_TARGET = 11.1;
				MTL_ENABLE_DEBUG_INFO = YES;
				ONLY_ACTIVE_ARCH = YES;
				SDKROOT = iphoneos;
				SWIFT_ACTIVE_COMPILATION_CONDITIONS = DEBUG;
				SWIFT_INSTALL_OBJC_HEADER = YES;
				SWIFT_OBJC_BRIDGING_HEADER = "";
				SWIFT_OPTIMIZATION_LEVEL = "-Onone";
			};
			name = Debug;
		};
		CEFEC6701FDE41040019DDF2 /* Release */ = {
			isa = XCBuildConfiguration;
			buildSettings = {
				ALWAYS_SEARCH_USER_PATHS = NO;
				CLANG_ANALYZER_NONNULL = YES;
				CLANG_ANALYZER_NUMBER_OBJECT_CONVERSION = YES_AGGRESSIVE;
				CLANG_CXX_LANGUAGE_STANDARD = "gnu++14";
				CLANG_CXX_LIBRARY = "libc++";
				CLANG_ENABLE_MODULES = YES;
				CLANG_ENABLE_OBJC_ARC = YES;
				CLANG_WARN_BLOCK_CAPTURE_AUTORELEASING = YES;
				CLANG_WARN_BOOL_CONVERSION = YES;
				CLANG_WARN_COMMA = YES;
				CLANG_WARN_CONSTANT_CONVERSION = YES;
				CLANG_WARN_DIRECT_OBJC_ISA_USAGE = YES_ERROR;
				CLANG_WARN_DOCUMENTATION_COMMENTS = YES;
				CLANG_WARN_EMPTY_BODY = YES;
				CLANG_WARN_ENUM_CONVERSION = YES;
				CLANG_WARN_INFINITE_RECURSION = YES;
				CLANG_WARN_INT_CONVERSION = YES;
				CLANG_WARN_NON_LITERAL_NULL_CONVERSION = YES;
				CLANG_WARN_OBJC_LITERAL_CONVERSION = YES;
				CLANG_WARN_OBJC_ROOT_CLASS = YES_ERROR;
				CLANG_WARN_RANGE_LOOP_ANALYSIS = YES;
				CLANG_WARN_STRICT_PROTOTYPES = YES;
				CLANG_WARN_SUSPICIOUS_MOVE = YES;
				CLANG_WARN_UNGUARDED_AVAILABILITY = YES_AGGRESSIVE;
				CLANG_WARN_UNREACHABLE_CODE = YES;
				CLANG_WARN__DUPLICATE_METHOD_MATCH = YES;
				CODE_SIGN_IDENTITY = "iPhone Developer";
				COPY_PHASE_STRIP = NO;
				DEBUG_INFORMATION_FORMAT = "dwarf-with-dsym";
				ENABLE_NS_ASSERTIONS = NO;
				ENABLE_STRICT_OBJC_MSGSEND = YES;
				GCC_C_LANGUAGE_STANDARD = gnu11;
				GCC_NO_COMMON_BLOCKS = YES;
				GCC_WARN_64_TO_32_BIT_CONVERSION = YES;
				GCC_WARN_ABOUT_RETURN_TYPE = YES_ERROR;
				GCC_WARN_UNDECLARED_SELECTOR = YES;
				GCC_WARN_UNINITIALIZED_AUTOS = YES_AGGRESSIVE;
				GCC_WARN_UNUSED_FUNCTION = YES;
				GCC_WARN_UNUSED_VARIABLE = YES;
				IPHONEOS_DEPLOYMENT_TARGET = 11.1;
				MTL_ENABLE_DEBUG_INFO = NO;
				SDKROOT = iphoneos;
				SWIFT_INSTALL_OBJC_HEADER = YES;
				SWIFT_OBJC_BRIDGING_HEADER = "";
				SWIFT_OPTIMIZATION_LEVEL = "-Owholemodule";
				VALIDATE_PRODUCT = YES;
			};
			name = Release;
		};
		CEFEC6721FDE41040019DDF2 /* Debug */ = {
			isa = XCBuildConfiguration;
			baseConfigurationReference = 777ABAD1853E6877D96ED6DF /* Pods-OSC-Swift.debug.xcconfig */;
			buildSettings = {
				ASSETCATALOG_COMPILER_APPICON_NAME = AppIcon;
				CODE_SIGN_STYLE = Automatic;
				DEVELOPMENT_TEAM = JNX4FUEZB7;
				INFOPLIST_FILE = "OSC-Swift/Info.plist";
				LD_RUNPATH_SEARCH_PATHS = "$(inherited) @executable_path/Frameworks";
				PRODUCT_BUNDLE_IDENTIFIER = "cn.net.emotion.OSC-Swift";
				PRODUCT_NAME = "$(TARGET_NAME)";
				SWIFT_OBJC_BRIDGING_HEADER = "$(SRCROOT)/$(PROJECT_NAME)/bridge-header.h";
				SWIFT_VERSION = 4.0;
				TARGETED_DEVICE_FAMILY = "1,2";
			};
			name = Debug;
		};
		CEFEC6731FDE41040019DDF2 /* Release */ = {
			isa = XCBuildConfiguration;
			baseConfigurationReference = B87EE4758EFCCC549C436E11 /* Pods-OSC-Swift.release.xcconfig */;
			buildSettings = {
				ASSETCATALOG_COMPILER_APPICON_NAME = AppIcon;
				CODE_SIGN_STYLE = Automatic;
				DEVELOPMENT_TEAM = JNX4FUEZB7;
				INFOPLIST_FILE = "OSC-Swift/Info.plist";
				LD_RUNPATH_SEARCH_PATHS = "$(inherited) @executable_path/Frameworks";
				PRODUCT_BUNDLE_IDENTIFIER = "cn.net.emotion.OSC-Swift";
				PRODUCT_NAME = "$(TARGET_NAME)";
				SWIFT_OBJC_BRIDGING_HEADER = "$(SRCROOT)/$(PROJECT_NAME)/bridge-header.h";
				SWIFT_VERSION = 4.0;
				TARGETED_DEVICE_FAMILY = "1,2";
			};
			name = Release;
		};
		CEFEC6751FDE41040019DDF2 /* Debug */ = {
			isa = XCBuildConfiguration;
			buildSettings = {
				ALWAYS_EMBED_SWIFT_STANDARD_LIBRARIES = YES;
				BUNDLE_LOADER = "$(TEST_HOST)";
				CODE_SIGN_STYLE = Automatic;
				DEVELOPMENT_TEAM = JNX4FUEZB7;
				INFOPLIST_FILE = "OSC-SwiftTests/Info.plist";
				LD_RUNPATH_SEARCH_PATHS = "$(inherited) @executable_path/Frameworks @loader_path/Frameworks";
				PRODUCT_BUNDLE_IDENTIFIER = "cn.net.emotion.OSC-SwiftTests";
				PRODUCT_NAME = "$(TARGET_NAME)";
				SWIFT_VERSION = 4.0;
				TARGETED_DEVICE_FAMILY = "1,2";
				TEST_HOST = "$(BUILT_PRODUCTS_DIR)/OSC-Swift.app/OSC-Swift";
			};
			name = Debug;
		};
		CEFEC6761FDE41040019DDF2 /* Release */ = {
			isa = XCBuildConfiguration;
			buildSettings = {
				ALWAYS_EMBED_SWIFT_STANDARD_LIBRARIES = YES;
				BUNDLE_LOADER = "$(TEST_HOST)";
				CODE_SIGN_STYLE = Automatic;
				DEVELOPMENT_TEAM = JNX4FUEZB7;
				INFOPLIST_FILE = "OSC-SwiftTests/Info.plist";
				LD_RUNPATH_SEARCH_PATHS = "$(inherited) @executable_path/Frameworks @loader_path/Frameworks";
				PRODUCT_BUNDLE_IDENTIFIER = "cn.net.emotion.OSC-SwiftTests";
				PRODUCT_NAME = "$(TARGET_NAME)";
				SWIFT_VERSION = 4.0;
				TARGETED_DEVICE_FAMILY = "1,2";
				TEST_HOST = "$(BUILT_PRODUCTS_DIR)/OSC-Swift.app/OSC-Swift";
			};
			name = Release;
		};
		CEFEC6781FDE41040019DDF2 /* Debug */ = {
			isa = XCBuildConfiguration;
			buildSettings = {
				ALWAYS_EMBED_SWIFT_STANDARD_LIBRARIES = YES;
				CODE_SIGN_STYLE = Automatic;
				DEVELOPMENT_TEAM = JNX4FUEZB7;
				INFOPLIST_FILE = "OSC-SwiftUITests/Info.plist";
				LD_RUNPATH_SEARCH_PATHS = "$(inherited) @executable_path/Frameworks @loader_path/Frameworks";
				PRODUCT_BUNDLE_IDENTIFIER = "cn.net.emotion.OSC-SwiftUITests";
				PRODUCT_NAME = "$(TARGET_NAME)";
				SWIFT_VERSION = 4.0;
				TARGETED_DEVICE_FAMILY = "1,2";
				TEST_TARGET_NAME = "OSC-Swift";
			};
			name = Debug;
		};
		CEFEC6791FDE41040019DDF2 /* Release */ = {
			isa = XCBuildConfiguration;
			buildSettings = {
				ALWAYS_EMBED_SWIFT_STANDARD_LIBRARIES = YES;
				CODE_SIGN_STYLE = Automatic;
				DEVELOPMENT_TEAM = JNX4FUEZB7;
				INFOPLIST_FILE = "OSC-SwiftUITests/Info.plist";
				LD_RUNPATH_SEARCH_PATHS = "$(inherited) @executable_path/Frameworks @loader_path/Frameworks";
				PRODUCT_BUNDLE_IDENTIFIER = "cn.net.emotion.OSC-SwiftUITests";
				PRODUCT_NAME = "$(TARGET_NAME)";
				SWIFT_VERSION = 4.0;
				TARGETED_DEVICE_FAMILY = "1,2";
				TEST_TARGET_NAME = "OSC-Swift";
			};
			name = Release;
		};
/* End XCBuildConfiguration section */

/* Begin XCConfigurationList section */
		CEFEC6441FDE41030019DDF2 /* Build configuration list for PBXProject "OSC-Swift" */ = {
			isa = XCConfigurationList;
			buildConfigurations = (
				CEFEC66F1FDE41040019DDF2 /* Debug */,
				CEFEC6701FDE41040019DDF2 /* Release */,
			);
			defaultConfigurationIsVisible = 0;
			defaultConfigurationName = Release;
		};
		CEFEC6711FDE41040019DDF2 /* Build configuration list for PBXNativeTarget "OSC-Swift" */ = {
			isa = XCConfigurationList;
			buildConfigurations = (
				CEFEC6721FDE41040019DDF2 /* Debug */,
				CEFEC6731FDE41040019DDF2 /* Release */,
			);
			defaultConfigurationIsVisible = 0;
			defaultConfigurationName = Release;
		};
		CEFEC6741FDE41040019DDF2 /* Build configuration list for PBXNativeTarget "OSC-SwiftTests" */ = {
			isa = XCConfigurationList;
			buildConfigurations = (
				CEFEC6751FDE41040019DDF2 /* Debug */,
				CEFEC6761FDE41040019DDF2 /* Release */,
			);
			defaultConfigurationIsVisible = 0;
			defaultConfigurationName = Release;
		};
		CEFEC6771FDE41040019DDF2 /* Build configuration list for PBXNativeTarget "OSC-SwiftUITests" */ = {
			isa = XCConfigurationList;
			buildConfigurations = (
				CEFEC6781FDE41040019DDF2 /* Debug */,
				CEFEC6791FDE41040019DDF2 /* Release */,
			);
			defaultConfigurationIsVisible = 0;
			defaultConfigurationName = Release;
		};
/* End XCConfigurationList section */
	};
	rootObject = CEFEC6411FDE41030019DDF2 /* Project object */;
}
